// !$*UTF8*$!
{
	archiveVersion = 1;
	classes = {
	};
	objectVersion = 46;
	objects = {

/* Begin PBXBuildFile section */
		01B3E9499C4727F1AB72F51D /* Pods_ForeverMazeUITests.framework in Frameworks */ = {isa = PBXBuildFile; fileRef = AA8648F75F588B9ECD57B492 /* Pods_ForeverMazeUITests.framework */; };
		2B2A76B21C023B6900172E27 /* FBSDKCoreKit.framework in Frameworks */ = {isa = PBXBuildFile; fileRef = 2B2A76AF1C023B6900172E27 /* FBSDKCoreKit.framework */; };
		2B2A76B31C023B6900172E27 /* FBSDKLoginKit.framework in Frameworks */ = {isa = PBXBuildFile; fileRef = 2B2A76B01C023B6900172E27 /* FBSDKLoginKit.framework */; };
		2B2A76B41C023B6900172E27 /* FBSDKShareKit.framework in Frameworks */ = {isa = PBXBuildFile; fileRef = 2B2A76B11C023B6900172E27 /* FBSDKShareKit.framework */; };
		2B2A76BA1C0240A300172E27 /* MenuScene.swift in Sources */ = {isa = PBXBuildFile; fileRef = 2B2A76B91C0240A300172E27 /* MenuScene.swift */; };
		2B4B5D7D1C239E1F00E5C7F9 /* Threading.swift in Sources */ = {isa = PBXBuildFile; fileRef = 2B4B5D7C1C239E1F00E5C7F9 /* Threading.swift */; };
		2B4BD69F1C45786400CA699B /* Level.swift in Sources */ = {isa = PBXBuildFile; fileRef = 2B4BD69E1C45786400CA699B /* Level.swift */; };
		2B4E97C81BFFA5DD0066D521 /* AppDelegate.swift in Sources */ = {isa = PBXBuildFile; fileRef = 2B4E97C71BFFA5DD0066D521 /* AppDelegate.swift */; };
		2B4E97CC1BFFA5DD0066D521 /* GameScene.swift in Sources */ = {isa = PBXBuildFile; fileRef = 2B4E97CB1BFFA5DD0066D521 /* GameScene.swift */; };
		2B4E97CE1BFFA5DD0066D521 /* GameViewController.swift in Sources */ = {isa = PBXBuildFile; fileRef = 2B4E97CD1BFFA5DD0066D521 /* GameViewController.swift */; };
		2B4E97D11BFFA5DD0066D521 /* Main.storyboard in Resources */ = {isa = PBXBuildFile; fileRef = 2B4E97CF1BFFA5DD0066D521 /* Main.storyboard */; };
		2B4E97D31BFFA5DD0066D521 /* Assets.xcassets in Resources */ = {isa = PBXBuildFile; fileRef = 2B4E97D21BFFA5DD0066D521 /* Assets.xcassets */; };
		2B4E97D61BFFA5DD0066D521 /* LaunchScreen.storyboard in Resources */ = {isa = PBXBuildFile; fileRef = 2B4E97D41BFFA5DD0066D521 /* LaunchScreen.storyboard */; };
		2B4E97EC1BFFA5DE0066D521 /* ForeverMazeUITests.swift in Sources */ = {isa = PBXBuildFile; fileRef = 2B4E97EB1BFFA5DE0066D521 /* ForeverMazeUITests.swift */; };
		2B55507E1C4E8F2500742CC7 /* Tracker.swift in Sources */ = {isa = PBXBuildFile; fileRef = 2B55507D1C4E8F2500742CC7 /* Tracker.swift */; };
		2B5B05FD1C03FE62006E0973 /* Utils.swift in Sources */ = {isa = PBXBuildFile; fileRef = 2B5B05FC1C03FE62006E0973 /* Utils.swift */; };
		2B5B05FF1C041273006E0973 /* I18n.swift in Sources */ = {isa = PBXBuildFile; fileRef = 2B5B05FE1C041273006E0973 /* I18n.swift */; };
		2B732B821C3E353D00295D0D /* GameUILayer.swift in Sources */ = {isa = PBXBuildFile; fileRef = 2B732B811C3E353D00295D0D /* GameUILayer.swift */; };
		2B732B841C3E373C00295D0D /* SgButton.swift in Sources */ = {isa = PBXBuildFile; fileRef = 2B732B831C3E373C00295D0D /* SgButton.swift */; };
		2B732BA01C4100FB00295D0D /* Depression.swift in Sources */ = {isa = PBXBuildFile; fileRef = 2B732B9F1C4100FB00295D0D /* Depression.swift */; };
		2B9401931C39D20E001D3799 /* LagTests.swift in Sources */ = {isa = PBXBuildFile; fileRef = 2B9401921C39D20D001D3799 /* LagTests.swift */; };
		2B9401941C39D425001D3799 /* Errors.swift in Sources */ = {isa = PBXBuildFile; fileRef = 2BEDFA7E1C216788001BE36D /* Errors.swift */; };
		2B9401951C39D42A001D3799 /* GameScene.swift in Sources */ = {isa = PBXBuildFile; fileRef = 2B4E97CB1BFFA5DD0066D521 /* GameScene.swift */; };
		2B9401961C39D43C001D3799 /* IsoScene.swift in Sources */ = {isa = PBXBuildFile; fileRef = 2BB884F01C0622DC006E4570 /* IsoScene.swift */; };
		2BB6F14B1BFFD243009DF879 /* Account.swift in Sources */ = {isa = PBXBuildFile; fileRef = 2BB6F14A1BFFD243009DF879 /* Account.swift */; };
		2BB6F14C1BFFD243009DF879 /* Account.swift in Sources */ = {isa = PBXBuildFile; fileRef = 2BB6F14A1BFFD243009DF879 /* Account.swift */; };
		2BB6F14D1BFFD243009DF879 /* Account.swift in Sources */ = {isa = PBXBuildFile; fileRef = 2BB6F14A1BFFD243009DF879 /* Account.swift */; };
		2BB6F14F1BFFD272009DF879 /* Config.swift in Sources */ = {isa = PBXBuildFile; fileRef = 2BB6F14E1BFFD272009DF879 /* Config.swift */; };
		2BB6F1501BFFD272009DF879 /* Config.swift in Sources */ = {isa = PBXBuildFile; fileRef = 2BB6F14E1BFFD272009DF879 /* Config.swift */; };
		2BB6F1511BFFD272009DF879 /* Config.swift in Sources */ = {isa = PBXBuildFile; fileRef = 2BB6F14E1BFFD272009DF879 /* Config.swift */; };
		2BB6F1571BFFDB62009DF879 /* Player.swift in Sources */ = {isa = PBXBuildFile; fileRef = 2BB6F1561BFFDB62009DF879 /* Player.swift */; };
		2BB6F1581BFFDB62009DF879 /* Player.swift in Sources */ = {isa = PBXBuildFile; fileRef = 2BB6F1561BFFDB62009DF879 /* Player.swift */; };
		2BB6F1591BFFDB62009DF879 /* Player.swift in Sources */ = {isa = PBXBuildFile; fileRef = 2BB6F1561BFFDB62009DF879 /* Player.swift */; };
		2BB6F15C1BFFDCAA009DF879 /* GameObject.swift in Sources */ = {isa = PBXBuildFile; fileRef = 2BB6F15B1BFFDCAA009DF879 /* GameObject.swift */; };
		2BB6F15D1BFFDCAA009DF879 /* GameObject.swift in Sources */ = {isa = PBXBuildFile; fileRef = 2BB6F15B1BFFDCAA009DF879 /* GameObject.swift */; };
		2BB6F15E1BFFDCAA009DF879 /* GameObject.swift in Sources */ = {isa = PBXBuildFile; fileRef = 2BB6F15B1BFFDCAA009DF879 /* GameObject.swift */; };
		2BB6F1601BFFDCB4009DF879 /* Mobile.swift in Sources */ = {isa = PBXBuildFile; fileRef = 2BB6F15F1BFFDCB4009DF879 /* Mobile.swift */; };
		2BB6F1611BFFDCB4009DF879 /* Mobile.swift in Sources */ = {isa = PBXBuildFile; fileRef = 2BB6F15F1BFFDCB4009DF879 /* Mobile.swift */; };
		2BB6F1621BFFDCB4009DF879 /* Mobile.swift in Sources */ = {isa = PBXBuildFile; fileRef = 2BB6F15F1BFFDCB4009DF879 /* Mobile.swift */; };
		2BB6F1651BFFE371009DF879 /* LocalPlayer.swift in Sources */ = {isa = PBXBuildFile; fileRef = 2BB6F1641BFFE371009DF879 /* LocalPlayer.swift */; };
		2BB6F1661BFFE371009DF879 /* LocalPlayer.swift in Sources */ = {isa = PBXBuildFile; fileRef = 2BB6F1641BFFE371009DF879 /* LocalPlayer.swift */; };
		2BB6F1671BFFE371009DF879 /* LocalPlayer.swift in Sources */ = {isa = PBXBuildFile; fileRef = 2BB6F1641BFFE371009DF879 /* LocalPlayer.swift */; };
		2BB6F16B1BFFE407009DF879 /* Tile.swift in Sources */ = {isa = PBXBuildFile; fileRef = 2BB6F16A1BFFE407009DF879 /* Tile.swift */; };
		2BB6F16C1BFFE407009DF879 /* Tile.swift in Sources */ = {isa = PBXBuildFile; fileRef = 2BB6F16A1BFFE407009DF879 /* Tile.swift */; };
		2BB6F16D1BFFE407009DF879 /* Tile.swift in Sources */ = {isa = PBXBuildFile; fileRef = 2BB6F16A1BFFE407009DF879 /* Tile.swift */; };
		2BB6F1701BFFE499009DF879 /* GameStatic.swift in Sources */ = {isa = PBXBuildFile; fileRef = 2BB6F16F1BFFE499009DF879 /* GameStatic.swift */; };
		2BB6F1711BFFE499009DF879 /* GameStatic.swift in Sources */ = {isa = PBXBuildFile; fileRef = 2BB6F16F1BFFE499009DF879 /* GameStatic.swift */; };
		2BB6F1721BFFE499009DF879 /* GameStatic.swift in Sources */ = {isa = PBXBuildFile; fileRef = 2BB6F16F1BFFE499009DF879 /* GameStatic.swift */; };
		2BB6F1791BFFEA0C009DF879 /* Map.swift in Sources */ = {isa = PBXBuildFile; fileRef = 2BB6F1781BFFEA0C009DF879 /* Map.swift */; };
		2BB6F17A1BFFEA0C009DF879 /* Map.swift in Sources */ = {isa = PBXBuildFile; fileRef = 2BB6F1781BFFEA0C009DF879 /* Map.swift */; };
		2BB6F17B1BFFEA0C009DF879 /* Map.swift in Sources */ = {isa = PBXBuildFile; fileRef = 2BB6F1781BFFEA0C009DF879 /* Map.swift */; };
		2BB884EE1C04E40F006E4570 /* Data.swift in Sources */ = {isa = PBXBuildFile; fileRef = 2BB884ED1C04E40F006E4570 /* Data.swift */; };
		2BB884F11C0622DC006E4570 /* IsoScene.swift in Sources */ = {isa = PBXBuildFile; fileRef = 2BB884F01C0622DC006E4570 /* IsoScene.swift */; };
		2BEDFA7F1C216788001BE36D /* Errors.swift in Sources */ = {isa = PBXBuildFile; fileRef = 2BEDFA7E1C216788001BE36D /* Errors.swift */; };
		2F22D4241C4D74BE00CAA56F /* Animation.swift in Sources */ = {isa = PBXBuildFile; fileRef = 2F22D4221C4D730200CAA56F /* Animation.swift */; };
		2F22D4281C4DCDD300CAA56F /* Coordinate.swift in Sources */ = {isa = PBXBuildFile; fileRef = 2F22D4271C4DCDD300CAA56F /* Coordinate.swift */; };
		2F22D42A1C4DCDF000CAA56F /* Direction.swift in Sources */ = {isa = PBXBuildFile; fileRef = 2F22D4291C4DCDF000CAA56F /* Direction.swift */; };
		2F349AF11C66EDC4000BAF0E /* ScoreNode.swift in Sources */ = {isa = PBXBuildFile; fileRef = 2F349AF01C66EDC4000BAF0E /* ScoreNode.swift */; };
		2F349AF31C66EEF6000BAF0E /* AvatarNode.swift in Sources */ = {isa = PBXBuildFile; fileRef = 2F349AF21C66EEF6000BAF0E /* AvatarNode.swift */; };
		2F85BB5A1C67C67400F89E64 /* Share.swift in Sources */ = {isa = PBXBuildFile; fileRef = 2F85BB591C67C67400F89E64 /* Share.swift */; };
		2FAF46821C0BCC7F00B1F898 /* MapTests.swift in Sources */ = {isa = PBXBuildFile; fileRef = 2FAF46811C0BCC7F00B1F898 /* MapTests.swift */; };
		2FAF46831C0BCD0100B1F898 /* Data.swift in Sources */ = {isa = PBXBuildFile; fileRef = 2BB884ED1C04E40F006E4570 /* Data.swift */; };
		2FAF46841C0BCD0100B1F898 /* Data.swift in Sources */ = {isa = PBXBuildFile; fileRef = 2BB884ED1C04E40F006E4570 /* Data.swift */; };
		2FAF46851C0BCD0400B1F898 /* I18n.swift in Sources */ = {isa = PBXBuildFile; fileRef = 2B5B05FE1C041273006E0973 /* I18n.swift */; };
		2FAF46861C0BCD0500B1F898 /* I18n.swift in Sources */ = {isa = PBXBuildFile; fileRef = 2B5B05FE1C041273006E0973 /* I18n.swift */; };
		2FAF46891C0BCD0B00B1F898 /* Utils.swift in Sources */ = {isa = PBXBuildFile; fileRef = 2B5B05FC1C03FE62006E0973 /* Utils.swift */; };
		2FAF468A1C0BCD0B00B1F898 /* Utils.swift in Sources */ = {isa = PBXBuildFile; fileRef = 2B5B05FC1C03FE62006E0973 /* Utils.swift */; };
		2FAF468B1C0BCD8700B1F898 /* FBSDKCoreKit.framework in Frameworks */ = {isa = PBXBuildFile; fileRef = 2B2A76AF1C023B6900172E27 /* FBSDKCoreKit.framework */; };
		2FAF468C1C0BCD8700B1F898 /* FBSDKLoginKit.framework in Frameworks */ = {isa = PBXBuildFile; fileRef = 2B2A76B01C023B6900172E27 /* FBSDKLoginKit.framework */; };
		2FAF468D1C0BCD8700B1F898 /* FBSDKShareKit.framework in Frameworks */ = {isa = PBXBuildFile; fileRef = 2B2A76B11C023B6900172E27 /* FBSDKShareKit.framework */; };
		2FAF468E1C0BCD8A00B1F898 /* FBSDKCoreKit.framework in Frameworks */ = {isa = PBXBuildFile; fileRef = 2B2A76AF1C023B6900172E27 /* FBSDKCoreKit.framework */; };
		2FAF468F1C0BCD8A00B1F898 /* FBSDKLoginKit.framework in Frameworks */ = {isa = PBXBuildFile; fileRef = 2B2A76B01C023B6900172E27 /* FBSDKLoginKit.framework */; };
		2FAF46901C0BCD8A00B1F898 /* FBSDKShareKit.framework in Frameworks */ = {isa = PBXBuildFile; fileRef = 2B2A76B11C023B6900172E27 /* FBSDKShareKit.framework */; };
		2FAF46921C0BCDC000B1F898 /* ForeverMazeTests-Bridging-Header.h in Sources */ = {isa = PBXBuildFile; fileRef = 2FAF46911C0BCDC000B1F898 /* ForeverMazeTests-Bridging-Header.h */; };
		2FAF46951C0C188C00B1F898 /* String+Extensions.swift in Sources */ = {isa = PBXBuildFile; fileRef = 2FAF46941C0C188C00B1F898 /* String+Extensions.swift */; };
		2FB6EB691C5E6CBF00BE6F02 /* flip-sadness.sks in Resources */ = {isa = PBXBuildFile; fileRef = 2FB6EB651C5E6CBF00BE6F02 /* flip-sadness.sks */; };
		2FB6EB6A1C5E6CBF00BE6F02 /* spark.png in Resources */ = {isa = PBXBuildFile; fileRef = 2FB6EB661C5E6CBF00BE6F02 /* spark.png */; };
		2FB6EB6B1C5E6CBF00BE6F02 /* unlock-happiness.sks in Resources */ = {isa = PBXBuildFile; fileRef = 2FB6EB671C5E6CBF00BE6F02 /* unlock-happiness.sks */; };
		2FB6EB6C1C5E6CBF00BE6F02 /* unlock-sadness.sks in Resources */ = {isa = PBXBuildFile; fileRef = 2FB6EB681C5E6CBF00BE6F02 /* unlock-sadness.sks */; };
		2FB6EB6E1C5E6CF800BE6F02 /* unlock-anger.sks in Resources */ = {isa = PBXBuildFile; fileRef = 2FB6EB6D1C5E6CF800BE6F02 /* unlock-anger.sks */; };
		2FB6EB701C5E6D1E00BE6F02 /* unlock-fear.sks in Resources */ = {isa = PBXBuildFile; fileRef = 2FB6EB6F1C5E6D1E00BE6F02 /* unlock-fear.sks */; };
		2FB6EB721C5E6EAB00BE6F02 /* depression.sks in Resources */ = {isa = PBXBuildFile; fileRef = 2FB6EB711C5E6EAB00BE6F02 /* depression.sks */; };
		2FB6EB741C5E876100BE6F02 /* sparkle.sks in Resources */ = {isa = PBXBuildFile; fileRef = 2FB6EB731C5E876100BE6F02 /* sparkle.sks */; };
		2FB6EB781C5E87A700BE6F02 /* snow.sks in Resources */ = {isa = PBXBuildFile; fileRef = 2FB6EB771C5E87A700BE6F02 /* snow.sks */; };
		2FB6EB791C5E9B5C00BE6F02 /* Animation.swift in Sources */ = {isa = PBXBuildFile; fileRef = 2F22D4221C4D730200CAA56F /* Animation.swift */; };
		2FB6EB7A1C5E9B6800BE6F02 /* Direction.swift in Sources */ = {isa = PBXBuildFile; fileRef = 2F22D4291C4DCDF000CAA56F /* Direction.swift */; };
		2FB6EB7B1C5E9B6D00BE6F02 /* Direction.swift in Sources */ = {isa = PBXBuildFile; fileRef = 2F22D4291C4DCDF000CAA56F /* Direction.swift */; };
		2FB6EB7C1C5E9B7000BE6F02 /* Coordinate.swift in Sources */ = {isa = PBXBuildFile; fileRef = 2F22D4271C4DCDD300CAA56F /* Coordinate.swift */; };
		2FB6EB7D1C5E9B7000BE6F02 /* Coordinate.swift in Sources */ = {isa = PBXBuildFile; fileRef = 2F22D4271C4DCDD300CAA56F /* Coordinate.swift */; };
		2FB6EB7E1C5E9B7400BE6F02 /* Animation.swift in Sources */ = {isa = PBXBuildFile; fileRef = 2F22D4221C4D730200CAA56F /* Animation.swift */; };
		2FB6EB7F1C5E9B7900BE6F02 /* Threading.swift in Sources */ = {isa = PBXBuildFile; fileRef = 2B4B5D7C1C239E1F00E5C7F9 /* Threading.swift */; };
		2FB6EB801C5E9B7A00BE6F02 /* Threading.swift in Sources */ = {isa = PBXBuildFile; fileRef = 2B4B5D7C1C239E1F00E5C7F9 /* Threading.swift */; };
		2FB6EB811C5EE65900BE6F02 /* Level.swift in Sources */ = {isa = PBXBuildFile; fileRef = 2B4BD69E1C45786400CA699B /* Level.swift */; };
		2FB6EB821C5EE65900BE6F02 /* Level.swift in Sources */ = {isa = PBXBuildFile; fileRef = 2B4BD69E1C45786400CA699B /* Level.swift */; };
		2FE234771C664AB9001F9553 /* AboutScene.swift in Sources */ = {isa = PBXBuildFile; fileRef = 2FE234761C664AB9001F9553 /* AboutScene.swift */; };
		2FE234791C664AC7001F9553 /* Dialog.swift in Sources */ = {isa = PBXBuildFile; fileRef = 2FE234781C664AC7001F9553 /* Dialog.swift */; };
		2FE2347B1C664B95001F9553 /* InterfaceScene.swift in Sources */ = {isa = PBXBuildFile; fileRef = 2FE2347A1C664B95001F9553 /* InterfaceScene.swift */; };
		2FE2347D1C6660D4001F9553 /* Container.swift in Sources */ = {isa = PBXBuildFile; fileRef = 2FE2347C1C6660D4001F9553 /* Container.swift */; };
		2FE2347F1C66714B001F9553 /* SKMultilineLabel.swift in Sources */ = {isa = PBXBuildFile; fileRef = 2FE2347E1C66714B001F9553 /* SKMultilineLabel.swift */; };
		2FE234811C667C58001F9553 /* ScoresScene.swift in Sources */ = {isa = PBXBuildFile; fileRef = 2FE234801C667C58001F9553 /* ScoresScene.swift */; };
		2FE234831C66843F001F9553 /* DialogLayer.swift in Sources */ = {isa = PBXBuildFile; fileRef = 2FE234821C66843F001F9553 /* DialogLayer.swift */; };
		2FE456211C5E531200E90B75 /* Localizable.strings in Resources */ = {isa = PBXBuildFile; fileRef = 2FE456201C5E531200E90B75 /* Localizable.strings */; };
		2FE456231C5E601400E90B75 /* images.xcassets in Resources */ = {isa = PBXBuildFile; fileRef = 2FE456221C5E601400E90B75 /* images.xcassets */; };
		2FE456251C5E608A00E90B75 /* MenuButton.swift in Sources */ = {isa = PBXBuildFile; fileRef = 2FE456241C5E608A00E90B75 /* MenuButton.swift */; };
		2FF5336F1C630FD4004A324A /* hero.1.png in Resources */ = {isa = PBXBuildFile; fileRef = 2FF533661C630FD4004A324A /* hero.1.png */; };
		2FF533701C630FD4004A324A /* hero.1@2x.png in Resources */ = {isa = PBXBuildFile; fileRef = 2FF533671C630FD4004A324A /* hero.1@2x.png */; };
		2FF533711C630FD4004A324A /* hero.1@3x.png in Resources */ = {isa = PBXBuildFile; fileRef = 2FF533681C630FD4004A324A /* hero.1@3x.png */; };
		2FF533721C630FD4004A324A /* hero.2@2x.png in Resources */ = {isa = PBXBuildFile; fileRef = 2FF533691C630FD4004A324A /* hero.2@2x.png */; };
		2FF533731C630FD4004A324A /* hero.2@3x.png in Resources */ = {isa = PBXBuildFile; fileRef = 2FF5336A1C630FD4004A324A /* hero.2@3x.png */; };
		2FF533741C630FD4004A324A /* hero.3@3x.png in Resources */ = {isa = PBXBuildFile; fileRef = 2FF5336B1C630FD4004A324A /* hero.3@3x.png */; };
		2FF533751C630FD4004A324A /* hero.4@3x.png in Resources */ = {isa = PBXBuildFile; fileRef = 2FF5336C1C630FD4004A324A /* hero.4@3x.png */; };
		2FF533761C630FD4004A324A /* hero.plist in Resources */ = {isa = PBXBuildFile; fileRef = 2FF5336D1C630FD4004A324A /* hero.plist */; };
		2FF533771C630FD4004A324A /* Icon in Resources */ = {isa = PBXBuildFile; fileRef = 2FF5336E1C630FD4004A324A /* Icon */; };
		2FF5338B1C631464004A324A /* depression.1.png in Resources */ = {isa = PBXBuildFile; fileRef = 2FF533791C631464004A324A /* depression.1.png */; };
		2FF5338C1C631464004A324A /* depression.10@3x.png in Resources */ = {isa = PBXBuildFile; fileRef = 2FF5337A1C631464004A324A /* depression.10@3x.png */; };
		2FF5338D1C631464004A324A /* depression.11@3x.png in Resources */ = {isa = PBXBuildFile; fileRef = 2FF5337B1C631464004A324A /* depression.11@3x.png */; };
		2FF5338E1C631464004A324A /* depression.1@2x.png in Resources */ = {isa = PBXBuildFile; fileRef = 2FF5337C1C631464004A324A /* depression.1@2x.png */; };
		2FF5338F1C631464004A324A /* depression.1@3x.png in Resources */ = {isa = PBXBuildFile; fileRef = 2FF5337D1C631464004A324A /* depression.1@3x.png */; };
		2FF533901C631464004A324A /* depression.2@2x.png in Resources */ = {isa = PBXBuildFile; fileRef = 2FF5337E1C631464004A324A /* depression.2@2x.png */; };
		2FF533911C631464004A324A /* depression.2@3x.png in Resources */ = {isa = PBXBuildFile; fileRef = 2FF5337F1C631464004A324A /* depression.2@3x.png */; };
		2FF533921C631464004A324A /* depression.3@2x.png in Resources */ = {isa = PBXBuildFile; fileRef = 2FF533801C631464004A324A /* depression.3@2x.png */; };
		2FF533931C631464004A324A /* depression.3@3x.png in Resources */ = {isa = PBXBuildFile; fileRef = 2FF533811C631464004A324A /* depression.3@3x.png */; };
		2FF533941C631464004A324A /* depression.4@2x.png in Resources */ = {isa = PBXBuildFile; fileRef = 2FF533821C631464004A324A /* depression.4@2x.png */; };
		2FF533951C631464004A324A /* depression.4@3x.png in Resources */ = {isa = PBXBuildFile; fileRef = 2FF533831C631464004A324A /* depression.4@3x.png */; };
		2FF533961C631464004A324A /* depression.5@3x.png in Resources */ = {isa = PBXBuildFile; fileRef = 2FF533841C631464004A324A /* depression.5@3x.png */; };
		2FF533971C631464004A324A /* depression.6@3x.png in Resources */ = {isa = PBXBuildFile; fileRef = 2FF533851C631464004A324A /* depression.6@3x.png */; };
		2FF533981C631464004A324A /* depression.7@3x.png in Resources */ = {isa = PBXBuildFile; fileRef = 2FF533861C631464004A324A /* depression.7@3x.png */; };
		2FF533991C631464004A324A /* depression.8@3x.png in Resources */ = {isa = PBXBuildFile; fileRef = 2FF533871C631464004A324A /* depression.8@3x.png */; };
		2FF5339A1C631464004A324A /* depression.9@3x.png in Resources */ = {isa = PBXBuildFile; fileRef = 2FF533881C631464004A324A /* depression.9@3x.png */; };
		2FF5339B1C631464004A324A /* depression.plist in Resources */ = {isa = PBXBuildFile; fileRef = 2FF533891C631464004A324A /* depression.plist */; };
		2FF5339C1C631464004A324A /* Icon in Resources */ = {isa = PBXBuildFile; fileRef = 2FF5338A1C631464004A324A /* Icon */; };
		2FF533A31C6319C1004A324A /* Icon in Resources */ = {isa = PBXBuildFile; fileRef = 2FF5339E1C6319C1004A324A /* Icon */; };
		2FF533A41C6319C1004A324A /* world.1.png in Resources */ = {isa = PBXBuildFile; fileRef = 2FF5339F1C6319C1004A324A /* world.1.png */; };
		2FF533A51C6319C1004A324A /* world.1@2x.png in Resources */ = {isa = PBXBuildFile; fileRef = 2FF533A01C6319C1004A324A /* world.1@2x.png */; };
		2FF533A61C6319C1004A324A /* world.1@3x.png in Resources */ = {isa = PBXBuildFile; fileRef = 2FF533A11C6319C1004A324A /* world.1@3x.png */; };
		2FF533A71C6319C1004A324A /* world.plist in Resources */ = {isa = PBXBuildFile; fileRef = 2FF533A21C6319C1004A324A /* world.plist */; };
		61508CF9E208CADD928A3BF4 /* Pods_ForeverMazeTests.framework in Frameworks */ = {isa = PBXBuildFile; fileRef = 66306F8B5EABF513C7D79A93 /* Pods_ForeverMazeTests.framework */; };
		CAA3BD874CAB642CA12B0D45 /* Pods_ForeverMaze.framework in Frameworks */ = {isa = PBXBuildFile; fileRef = A642EFC082C73A26F677CC35 /* Pods_ForeverMaze.framework */; };
/* End PBXBuildFile section */

/* Begin PBXContainerItemProxy section */
		2B4E97DD1BFFA5DE0066D521 /* PBXContainerItemProxy */ = {
			isa = PBXContainerItemProxy;
			containerPortal = 2B4E97BC1BFFA5DD0066D521 /* Project object */;
			proxyType = 1;
			remoteGlobalIDString = 2B4E97C31BFFA5DD0066D521;
			remoteInfo = ForeverMaze;
		};
		2B4E97E81BFFA5DE0066D521 /* PBXContainerItemProxy */ = {
			isa = PBXContainerItemProxy;
			containerPortal = 2B4E97BC1BFFA5DD0066D521 /* Project object */;
			proxyType = 1;
			remoteGlobalIDString = 2B4E97C31BFFA5DD0066D521;
			remoteInfo = ForeverMaze;
		};
/* End PBXContainerItemProxy section */

/* Begin PBXFileReference section */
		27EA223623F55D4B9B66DEB7 /* Pods-ForeverMazeUITests.debug.xcconfig */ = {isa = PBXFileReference; includeInIndex = 1; lastKnownFileType = text.xcconfig; name = "Pods-ForeverMazeUITests.debug.xcconfig"; path = "Pods/Target Support Files/Pods-ForeverMazeUITests/Pods-ForeverMazeUITests.debug.xcconfig"; sourceTree = "<group>"; };
		2B2A76AF1C023B6900172E27 /* FBSDKCoreKit.framework */ = {isa = PBXFileReference; lastKnownFileType = wrapper.framework; name = FBSDKCoreKit.framework; path = Frameworks/FBSDKCoreKit.framework; sourceTree = "<group>"; };
		2B2A76B01C023B6900172E27 /* FBSDKLoginKit.framework */ = {isa = PBXFileReference; lastKnownFileType = wrapper.framework; name = FBSDKLoginKit.framework; path = Frameworks/FBSDKLoginKit.framework; sourceTree = "<group>"; };
		2B2A76B11C023B6900172E27 /* FBSDKShareKit.framework */ = {isa = PBXFileReference; lastKnownFileType = wrapper.framework; name = FBSDKShareKit.framework; path = Frameworks/FBSDKShareKit.framework; sourceTree = "<group>"; };
		2B2A76B91C0240A300172E27 /* MenuScene.swift */ = {isa = PBXFileReference; fileEncoding = 4; lastKnownFileType = sourcecode.swift; path = MenuScene.swift; sourceTree = "<group>"; };
		2B4B5D7C1C239E1F00E5C7F9 /* Threading.swift */ = {isa = PBXFileReference; fileEncoding = 4; lastKnownFileType = sourcecode.swift; path = Threading.swift; sourceTree = "<group>"; };
		2B4BD69E1C45786400CA699B /* Level.swift */ = {isa = PBXFileReference; fileEncoding = 4; lastKnownFileType = sourcecode.swift; path = Level.swift; sourceTree = "<group>"; };
		2B4E97C41BFFA5DD0066D521 /* ForeverMaze.app */ = {isa = PBXFileReference; explicitFileType = wrapper.application; includeInIndex = 0; path = ForeverMaze.app; sourceTree = BUILT_PRODUCTS_DIR; };
		2B4E97C71BFFA5DD0066D521 /* AppDelegate.swift */ = {isa = PBXFileReference; lastKnownFileType = sourcecode.swift; path = AppDelegate.swift; sourceTree = "<group>"; };
		2B4E97CB1BFFA5DD0066D521 /* GameScene.swift */ = {isa = PBXFileReference; lastKnownFileType = sourcecode.swift; path = GameScene.swift; sourceTree = "<group>"; };
		2B4E97CD1BFFA5DD0066D521 /* GameViewController.swift */ = {isa = PBXFileReference; lastKnownFileType = sourcecode.swift; path = GameViewController.swift; sourceTree = "<group>"; };
		2B4E97D01BFFA5DD0066D521 /* Base */ = {isa = PBXFileReference; lastKnownFileType = file.storyboard; name = Base; path = Base.lproj/Main.storyboard; sourceTree = "<group>"; };
		2B4E97D21BFFA5DD0066D521 /* Assets.xcassets */ = {isa = PBXFileReference; lastKnownFileType = folder.assetcatalog; path = Assets.xcassets; sourceTree = "<group>"; };
		2B4E97D51BFFA5DD0066D521 /* Base */ = {isa = PBXFileReference; lastKnownFileType = file.storyboard; name = Base; path = Base.lproj/LaunchScreen.storyboard; sourceTree = "<group>"; };
		2B4E97D71BFFA5DD0066D521 /* Info.plist */ = {isa = PBXFileReference; lastKnownFileType = text.plist.xml; path = Info.plist; sourceTree = "<group>"; };
		2B4E97DC1BFFA5DE0066D521 /* ForeverMazeTests.xctest */ = {isa = PBXFileReference; explicitFileType = wrapper.cfbundle; includeInIndex = 0; path = ForeverMazeTests.xctest; sourceTree = BUILT_PRODUCTS_DIR; };
		2B4E97E21BFFA5DE0066D521 /* Info.plist */ = {isa = PBXFileReference; lastKnownFileType = text.plist.xml; path = Info.plist; sourceTree = "<group>"; };
		2B4E97E71BFFA5DE0066D521 /* ForeverMazeUITests.xctest */ = {isa = PBXFileReference; explicitFileType = wrapper.cfbundle; includeInIndex = 0; path = ForeverMazeUITests.xctest; sourceTree = BUILT_PRODUCTS_DIR; };
		2B4E97EB1BFFA5DE0066D521 /* ForeverMazeUITests.swift */ = {isa = PBXFileReference; lastKnownFileType = sourcecode.swift; path = ForeverMazeUITests.swift; sourceTree = "<group>"; };
		2B4E97ED1BFFA5DE0066D521 /* Info.plist */ = {isa = PBXFileReference; lastKnownFileType = text.plist.xml; path = Info.plist; sourceTree = "<group>"; };
		2B55507D1C4E8F2500742CC7 /* Tracker.swift */ = {isa = PBXFileReference; fileEncoding = 4; lastKnownFileType = sourcecode.swift; path = Tracker.swift; sourceTree = "<group>"; };
		2B5B05FC1C03FE62006E0973 /* Utils.swift */ = {isa = PBXFileReference; fileEncoding = 4; lastKnownFileType = sourcecode.swift; path = Utils.swift; sourceTree = "<group>"; };
		2B5B05FE1C041273006E0973 /* I18n.swift */ = {isa = PBXFileReference; fileEncoding = 4; lastKnownFileType = sourcecode.swift; name = I18n.swift; path = ForeverMaze/I18n.swift; sourceTree = "<group>"; };
		2B732B811C3E353D00295D0D /* GameUILayer.swift */ = {isa = PBXFileReference; fileEncoding = 4; lastKnownFileType = sourcecode.swift; path = GameUILayer.swift; sourceTree = "<group>"; };
		2B732B831C3E373C00295D0D /* SgButton.swift */ = {isa = PBXFileReference; fileEncoding = 4; lastKnownFileType = sourcecode.swift; path = SgButton.swift; sourceTree = "<group>"; };
		2B732B9F1C4100FB00295D0D /* Depression.swift */ = {isa = PBXFileReference; fileEncoding = 4; lastKnownFileType = sourcecode.swift; path = Depression.swift; sourceTree = "<group>"; };
		2B9401921C39D20D001D3799 /* LagTests.swift */ = {isa = PBXFileReference; fileEncoding = 4; lastKnownFileType = sourcecode.swift; path = LagTests.swift; sourceTree = "<group>"; };
		2BB6F13D1BFFCC03009DF879 /* Bridging-Header.h */ = {isa = PBXFileReference; lastKnownFileType = sourcecode.c.h; path = "Bridging-Header.h"; sourceTree = "<group>"; };
		2BB6F14A1BFFD243009DF879 /* Account.swift */ = {isa = PBXFileReference; fileEncoding = 4; lastKnownFileType = sourcecode.swift; name = Account.swift; path = ForeverMaze/Account.swift; sourceTree = "<group>"; };
		2BB6F14E1BFFD272009DF879 /* Config.swift */ = {isa = PBXFileReference; fileEncoding = 4; lastKnownFileType = sourcecode.swift; name = Config.swift; path = ForeverMaze/Config.swift; sourceTree = "<group>"; };
		2BB6F1561BFFDB62009DF879 /* Player.swift */ = {isa = PBXFileReference; fileEncoding = 4; lastKnownFileType = sourcecode.swift; path = Player.swift; sourceTree = "<group>"; };
		2BB6F15B1BFFDCAA009DF879 /* GameObject.swift */ = {isa = PBXFileReference; fileEncoding = 4; lastKnownFileType = sourcecode.swift; path = GameObject.swift; sourceTree = "<group>"; };
		2BB6F15F1BFFDCB4009DF879 /* Mobile.swift */ = {isa = PBXFileReference; fileEncoding = 4; lastKnownFileType = sourcecode.swift; path = Mobile.swift; sourceTree = "<group>"; };
		2BB6F1641BFFE371009DF879 /* LocalPlayer.swift */ = {isa = PBXFileReference; fileEncoding = 4; lastKnownFileType = sourcecode.swift; path = LocalPlayer.swift; sourceTree = "<group>"; };
		2BB6F16A1BFFE407009DF879 /* Tile.swift */ = {isa = PBXFileReference; fileEncoding = 4; lastKnownFileType = sourcecode.swift; path = Tile.swift; sourceTree = "<group>"; };
		2BB6F16F1BFFE499009DF879 /* GameStatic.swift */ = {isa = PBXFileReference; fileEncoding = 4; lastKnownFileType = sourcecode.swift; path = GameStatic.swift; sourceTree = "<group>"; };
		2BB6F1781BFFEA0C009DF879 /* Map.swift */ = {isa = PBXFileReference; fileEncoding = 4; lastKnownFileType = sourcecode.swift; path = Map.swift; sourceTree = "<group>"; };
		2BB884ED1C04E40F006E4570 /* Data.swift */ = {isa = PBXFileReference; fileEncoding = 4; lastKnownFileType = sourcecode.swift; name = Data.swift; path = ForeverMaze/Data.swift; sourceTree = "<group>"; };
		2BB884F01C0622DC006E4570 /* IsoScene.swift */ = {isa = PBXFileReference; fileEncoding = 4; lastKnownFileType = sourcecode.swift; path = IsoScene.swift; sourceTree = "<group>"; };
		2BEDFA7E1C216788001BE36D /* Errors.swift */ = {isa = PBXFileReference; fileEncoding = 4; lastKnownFileType = sourcecode.swift; name = Errors.swift; path = ForeverMaze/Errors.swift; sourceTree = "<group>"; };
		2F22D4221C4D730200CAA56F /* Animation.swift */ = {isa = PBXFileReference; fileEncoding = 4; lastKnownFileType = sourcecode.swift; path = Animation.swift; sourceTree = "<group>"; };
		2F22D4271C4DCDD300CAA56F /* Coordinate.swift */ = {isa = PBXFileReference; fileEncoding = 4; lastKnownFileType = sourcecode.swift; path = Coordinate.swift; sourceTree = "<group>"; };
		2F22D4291C4DCDF000CAA56F /* Direction.swift */ = {isa = PBXFileReference; fileEncoding = 4; lastKnownFileType = sourcecode.swift; path = Direction.swift; sourceTree = "<group>"; };
		2F349AF01C66EDC4000BAF0E /* ScoreNode.swift */ = {isa = PBXFileReference; fileEncoding = 4; lastKnownFileType = sourcecode.swift; path = ScoreNode.swift; sourceTree = "<group>"; };
		2F349AF21C66EEF6000BAF0E /* AvatarNode.swift */ = {isa = PBXFileReference; fileEncoding = 4; lastKnownFileType = sourcecode.swift; path = AvatarNode.swift; sourceTree = "<group>"; };
		2F85BB591C67C67400F89E64 /* Share.swift */ = {isa = PBXFileReference; fileEncoding = 4; lastKnownFileType = sourcecode.swift; name = Share.swift; path = ForeverMaze/Share.swift; sourceTree = "<group>"; };
		2FAF46811C0BCC7F00B1F898 /* MapTests.swift */ = {isa = PBXFileReference; fileEncoding = 4; lastKnownFileType = sourcecode.swift; path = MapTests.swift; sourceTree = "<group>"; };
		2FAF46911C0BCDC000B1F898 /* ForeverMazeTests-Bridging-Header.h */ = {isa = PBXFileReference; fileEncoding = 4; lastKnownFileType = sourcecode.c.h; path = "ForeverMazeTests-Bridging-Header.h"; sourceTree = "<group>"; };
		2FAF46941C0C188C00B1F898 /* String+Extensions.swift */ = {isa = PBXFileReference; fileEncoding = 4; lastKnownFileType = sourcecode.swift; path = "String+Extensions.swift"; sourceTree = "<group>"; };
		2FB6EB651C5E6CBF00BE6F02 /* flip-sadness.sks */ = {isa = PBXFileReference; lastKnownFileType = file.sks; path = "flip-sadness.sks"; sourceTree = "<group>"; };
		2FB6EB661C5E6CBF00BE6F02 /* spark.png */ = {isa = PBXFileReference; lastKnownFileType = image.png; path = spark.png; sourceTree = "<group>"; };
		2FB6EB671C5E6CBF00BE6F02 /* unlock-happiness.sks */ = {isa = PBXFileReference; lastKnownFileType = file.sks; path = "unlock-happiness.sks"; sourceTree = "<group>"; };
		2FB6EB681C5E6CBF00BE6F02 /* unlock-sadness.sks */ = {isa = PBXFileReference; lastKnownFileType = file.sks; path = "unlock-sadness.sks"; sourceTree = "<group>"; };
		2FB6EB6D1C5E6CF800BE6F02 /* unlock-anger.sks */ = {isa = PBXFileReference; lastKnownFileType = file.sks; path = "unlock-anger.sks"; sourceTree = "<group>"; };
		2FB6EB6F1C5E6D1E00BE6F02 /* unlock-fear.sks */ = {isa = PBXFileReference; lastKnownFileType = file.sks; path = "unlock-fear.sks"; sourceTree = "<group>"; };
		2FB6EB711C5E6EAB00BE6F02 /* depression.sks */ = {isa = PBXFileReference; lastKnownFileType = file.sks; path = depression.sks; sourceTree = "<group>"; };
		2FB6EB731C5E876100BE6F02 /* sparkle.sks */ = {isa = PBXFileReference; lastKnownFileType = file.sks; path = sparkle.sks; sourceTree = "<group>"; };
		2FB6EB771C5E87A700BE6F02 /* snow.sks */ = {isa = PBXFileReference; lastKnownFileType = file.sks; path = snow.sks; sourceTree = "<group>"; };
		2FE234761C664AB9001F9553 /* AboutScene.swift */ = {isa = PBXFileReference; fileEncoding = 4; lastKnownFileType = sourcecode.swift; path = AboutScene.swift; sourceTree = "<group>"; };
		2FE234781C664AC7001F9553 /* Dialog.swift */ = {isa = PBXFileReference; fileEncoding = 4; lastKnownFileType = sourcecode.swift; path = Dialog.swift; sourceTree = "<group>"; };
		2FE2347A1C664B95001F9553 /* InterfaceScene.swift */ = {isa = PBXFileReference; fileEncoding = 4; lastKnownFileType = sourcecode.swift; path = InterfaceScene.swift; sourceTree = "<group>"; };
		2FE2347C1C6660D4001F9553 /* Container.swift */ = {isa = PBXFileReference; fileEncoding = 4; lastKnownFileType = sourcecode.swift; path = Container.swift; sourceTree = "<group>"; };
		2FE2347E1C66714B001F9553 /* SKMultilineLabel.swift */ = {isa = PBXFileReference; fileEncoding = 4; lastKnownFileType = sourcecode.swift; path = SKMultilineLabel.swift; sourceTree = "<group>"; };
		2FE234801C667C58001F9553 /* ScoresScene.swift */ = {isa = PBXFileReference; fileEncoding = 4; lastKnownFileType = sourcecode.swift; path = ScoresScene.swift; sourceTree = "<group>"; };
		2FE234821C66843F001F9553 /* DialogLayer.swift */ = {isa = PBXFileReference; fileEncoding = 4; lastKnownFileType = sourcecode.swift; path = DialogLayer.swift; sourceTree = "<group>"; };
		2FE456201C5E531200E90B75 /* Localizable.strings */ = {isa = PBXFileReference; fileEncoding = 4; lastKnownFileType = text.plist.strings; path = Localizable.strings; sourceTree = "<group>"; };
		2FE456221C5E601400E90B75 /* images.xcassets */ = {isa = PBXFileReference; lastKnownFileType = folder.assetcatalog; name = images.xcassets; path = Resources/images.xcassets; sourceTree = SOURCE_ROOT; };
		2FE456241C5E608A00E90B75 /* MenuButton.swift */ = {isa = PBXFileReference; fileEncoding = 4; lastKnownFileType = sourcecode.swift; path = MenuButton.swift; sourceTree = "<group>"; };
		2FF533661C630FD4004A324A /* hero.1.png */ = {isa = PBXFileReference; lastKnownFileType = image.png; path = hero.1.png; sourceTree = "<group>"; };
		2FF533671C630FD4004A324A /* hero.1@2x.png */ = {isa = PBXFileReference; lastKnownFileType = image.png; path = "hero.1@2x.png"; sourceTree = "<group>"; };
		2FF533681C630FD4004A324A /* hero.1@3x.png */ = {isa = PBXFileReference; lastKnownFileType = image.png; path = "hero.1@3x.png"; sourceTree = "<group>"; };
		2FF533691C630FD4004A324A /* hero.2@2x.png */ = {isa = PBXFileReference; lastKnownFileType = image.png; path = "hero.2@2x.png"; sourceTree = "<group>"; };
		2FF5336A1C630FD4004A324A /* hero.2@3x.png */ = {isa = PBXFileReference; lastKnownFileType = image.png; path = "hero.2@3x.png"; sourceTree = "<group>"; };
		2FF5336B1C630FD4004A324A /* hero.3@3x.png */ = {isa = PBXFileReference; lastKnownFileType = image.png; path = "hero.3@3x.png"; sourceTree = "<group>"; };
		2FF5336C1C630FD4004A324A /* hero.4@3x.png */ = {isa = PBXFileReference; lastKnownFileType = image.png; path = "hero.4@3x.png"; sourceTree = "<group>"; };
		2FF5336D1C630FD4004A324A /* hero.plist */ = {isa = PBXFileReference; fileEncoding = 4; lastKnownFileType = text.plist.xml; path = hero.plist; sourceTree = "<group>"; };
		2FF5336E1C630FD4004A324A /* Icon */ = {isa = PBXFileReference; fileEncoding = 4; lastKnownFileType = text; path = "Icon"; sourceTree = "<group>"; };
		2FF533791C631464004A324A /* depression.1.png */ = {isa = PBXFileReference; lastKnownFileType = image.png; path = depression.1.png; sourceTree = "<group>"; };
		2FF5337A1C631464004A324A /* depression.10@3x.png */ = {isa = PBXFileReference; lastKnownFileType = image.png; path = "depression.10@3x.png"; sourceTree = "<group>"; };
		2FF5337B1C631464004A324A /* depression.11@3x.png */ = {isa = PBXFileReference; lastKnownFileType = image.png; path = "depression.11@3x.png"; sourceTree = "<group>"; };
		2FF5337C1C631464004A324A /* depression.1@2x.png */ = {isa = PBXFileReference; lastKnownFileType = image.png; path = "depression.1@2x.png"; sourceTree = "<group>"; };
		2FF5337D1C631464004A324A /* depression.1@3x.png */ = {isa = PBXFileReference; lastKnownFileType = image.png; path = "depression.1@3x.png"; sourceTree = "<group>"; };
		2FF5337E1C631464004A324A /* depression.2@2x.png */ = {isa = PBXFileReference; lastKnownFileType = image.png; path = "depression.2@2x.png"; sourceTree = "<group>"; };
		2FF5337F1C631464004A324A /* depression.2@3x.png */ = {isa = PBXFileReference; lastKnownFileType = image.png; path = "depression.2@3x.png"; sourceTree = "<group>"; };
		2FF533801C631464004A324A /* depression.3@2x.png */ = {isa = PBXFileReference; lastKnownFileType = image.png; path = "depression.3@2x.png"; sourceTree = "<group>"; };
		2FF533811C631464004A324A /* depression.3@3x.png */ = {isa = PBXFileReference; lastKnownFileType = image.png; path = "depression.3@3x.png"; sourceTree = "<group>"; };
		2FF533821C631464004A324A /* depression.4@2x.png */ = {isa = PBXFileReference; lastKnownFileType = image.png; path = "depression.4@2x.png"; sourceTree = "<group>"; };
		2FF533831C631464004A324A /* depression.4@3x.png */ = {isa = PBXFileReference; lastKnownFileType = image.png; path = "depression.4@3x.png"; sourceTree = "<group>"; };
		2FF533841C631464004A324A /* depression.5@3x.png */ = {isa = PBXFileReference; lastKnownFileType = image.png; path = "depression.5@3x.png"; sourceTree = "<group>"; };
		2FF533851C631464004A324A /* depression.6@3x.png */ = {isa = PBXFileReference; lastKnownFileType = image.png; path = "depression.6@3x.png"; sourceTree = "<group>"; };
		2FF533861C631464004A324A /* depression.7@3x.png */ = {isa = PBXFileReference; lastKnownFileType = image.png; path = "depression.7@3x.png"; sourceTree = "<group>"; };
		2FF533871C631464004A324A /* depression.8@3x.png */ = {isa = PBXFileReference; lastKnownFileType = image.png; path = "depression.8@3x.png"; sourceTree = "<group>"; };
		2FF533881C631464004A324A /* depression.9@3x.png */ = {isa = PBXFileReference; lastKnownFileType = image.png; path = "depression.9@3x.png"; sourceTree = "<group>"; };
		2FF533891C631464004A324A /* depression.plist */ = {isa = PBXFileReference; fileEncoding = 4; lastKnownFileType = text.plist.xml; path = depression.plist; sourceTree = "<group>"; };
		2FF5338A1C631464004A324A /* Icon */ = {isa = PBXFileReference; fileEncoding = 4; lastKnownFileType = text; path = "Icon"; sourceTree = "<group>"; };
		2FF5339E1C6319C1004A324A /* Icon */ = {isa = PBXFileReference; fileEncoding = 4; lastKnownFileType = text; path = "Icon"; sourceTree = "<group>"; };
		2FF5339F1C6319C1004A324A /* world.1.png */ = {isa = PBXFileReference; lastKnownFileType = image.png; path = world.1.png; sourceTree = "<group>"; };
		2FF533A01C6319C1004A324A /* world.1@2x.png */ = {isa = PBXFileReference; lastKnownFileType = image.png; path = "world.1@2x.png"; sourceTree = "<group>"; };
		2FF533A11C6319C1004A324A /* world.1@3x.png */ = {isa = PBXFileReference; lastKnownFileType = image.png; path = "world.1@3x.png"; sourceTree = "<group>"; };
		2FF533A21C6319C1004A324A /* world.plist */ = {isa = PBXFileReference; fileEncoding = 4; lastKnownFileType = text.plist.xml; path = world.plist; sourceTree = "<group>"; };
		457A4F550D4EC648C1DC46A7 /* Pods-ForeverMazeUITests.release.xcconfig */ = {isa = PBXFileReference; includeInIndex = 1; lastKnownFileType = text.xcconfig; name = "Pods-ForeverMazeUITests.release.xcconfig"; path = "Pods/Target Support Files/Pods-ForeverMazeUITests/Pods-ForeverMazeUITests.release.xcconfig"; sourceTree = "<group>"; };
		4EAE2995D26AE7AA31F4B635 /* Pods-ForeverMazeTests.debug.xcconfig */ = {isa = PBXFileReference; includeInIndex = 1; lastKnownFileType = text.xcconfig; name = "Pods-ForeverMazeTests.debug.xcconfig"; path = "Pods/Target Support Files/Pods-ForeverMazeTests/Pods-ForeverMazeTests.debug.xcconfig"; sourceTree = "<group>"; };
		66306F8B5EABF513C7D79A93 /* Pods_ForeverMazeTests.framework */ = {isa = PBXFileReference; explicitFileType = wrapper.framework; includeInIndex = 0; path = Pods_ForeverMazeTests.framework; sourceTree = BUILT_PRODUCTS_DIR; };
		7FB09DD5C9788D9AB38BD0CB /* Pods-ForeverMazeTests.release.xcconfig */ = {isa = PBXFileReference; includeInIndex = 1; lastKnownFileType = text.xcconfig; name = "Pods-ForeverMazeTests.release.xcconfig"; path = "Pods/Target Support Files/Pods-ForeverMazeTests/Pods-ForeverMazeTests.release.xcconfig"; sourceTree = "<group>"; };
		A642EFC082C73A26F677CC35 /* Pods_ForeverMaze.framework */ = {isa = PBXFileReference; explicitFileType = wrapper.framework; includeInIndex = 0; path = Pods_ForeverMaze.framework; sourceTree = BUILT_PRODUCTS_DIR; };
		AA8648F75F588B9ECD57B492 /* Pods_ForeverMazeUITests.framework */ = {isa = PBXFileReference; explicitFileType = wrapper.framework; includeInIndex = 0; path = Pods_ForeverMazeUITests.framework; sourceTree = BUILT_PRODUCTS_DIR; };
		D4EAC5AD8C08511DBF255D18 /* Pods-ForeverMaze.debug.xcconfig */ = {isa = PBXFileReference; includeInIndex = 1; lastKnownFileType = text.xcconfig; name = "Pods-ForeverMaze.debug.xcconfig"; path = "Pods/Target Support Files/Pods-ForeverMaze/Pods-ForeverMaze.debug.xcconfig"; sourceTree = "<group>"; };
		F5491D121D41F0B1543CC76C /* Pods-ForeverMaze.release.xcconfig */ = {isa = PBXFileReference; includeInIndex = 1; lastKnownFileType = text.xcconfig; name = "Pods-ForeverMaze.release.xcconfig"; path = "Pods/Target Support Files/Pods-ForeverMaze/Pods-ForeverMaze.release.xcconfig"; sourceTree = "<group>"; };
/* End PBXFileReference section */

/* Begin PBXFrameworksBuildPhase section */
		2B4E97C11BFFA5DD0066D521 /* Frameworks */ = {
			isa = PBXFrameworksBuildPhase;
			buildActionMask = 2147483647;
			files = (
				2B2A76B41C023B6900172E27 /* FBSDKShareKit.framework in Frameworks */,
				CAA3BD874CAB642CA12B0D45 /* Pods_ForeverMaze.framework in Frameworks */,
				2B2A76B21C023B6900172E27 /* FBSDKCoreKit.framework in Frameworks */,
				2B2A76B31C023B6900172E27 /* FBSDKLoginKit.framework in Frameworks */,
			);
			runOnlyForDeploymentPostprocessing = 0;
		};
		2B4E97D91BFFA5DE0066D521 /* Frameworks */ = {
			isa = PBXFrameworksBuildPhase;
			buildActionMask = 2147483647;
			files = (
				61508CF9E208CADD928A3BF4 /* Pods_ForeverMazeTests.framework in Frameworks */,
				2FAF468B1C0BCD8700B1F898 /* FBSDKCoreKit.framework in Frameworks */,
				2FAF468C1C0BCD8700B1F898 /* FBSDKLoginKit.framework in Frameworks */,
				2FAF468D1C0BCD8700B1F898 /* FBSDKShareKit.framework in Frameworks */,
			);
			runOnlyForDeploymentPostprocessing = 0;
		};
		2B4E97E41BFFA5DE0066D521 /* Frameworks */ = {
			isa = PBXFrameworksBuildPhase;
			buildActionMask = 2147483647;
			files = (
				01B3E9499C4727F1AB72F51D /* Pods_ForeverMazeUITests.framework in Frameworks */,
				2FAF468E1C0BCD8A00B1F898 /* FBSDKCoreKit.framework in Frameworks */,
				2FAF468F1C0BCD8A00B1F898 /* FBSDKLoginKit.framework in Frameworks */,
				2FAF46901C0BCD8A00B1F898 /* FBSDKShareKit.framework in Frameworks */,
			);
			runOnlyForDeploymentPostprocessing = 0;
		};
/* End PBXFrameworksBuildPhase section */

/* Begin PBXGroup section */
		2B4BD69D1C45782D00CA699B /* Data */ = {
			isa = PBXGroup;
			children = (
				2B4BD69E1C45786400CA699B /* Level.swift */,
			);
			name = Data;
			sourceTree = "<group>";
		};
		2B4E97BB1BFFA5DD0066D521 = {
			isa = PBXGroup;
			children = (
				2B4E97C61BFFA5DD0066D521 /* ForeverMaze */,
				2B4E97DF1BFFA5DE0066D521 /* ForeverMazeTests */,
				2B4E97EA1BFFA5DE0066D521 /* ForeverMazeUITests */,
				2B4E97C51BFFA5DD0066D521 /* Products */,
				8A95AC5B9706D3F985626BDC /* Pods */,
				8D57B1F3DDF70A8C48D2E983 /* Frameworks */,
			);
			sourceTree = "<group>";
		};
		2B4E97C51BFFA5DD0066D521 /* Products */ = {
			isa = PBXGroup;
			children = (
				2B4E97C41BFFA5DD0066D521 /* ForeverMaze.app */,
				2B4E97DC1BFFA5DE0066D521 /* ForeverMazeTests.xctest */,
				2B4E97E71BFFA5DE0066D521 /* ForeverMazeUITests.xctest */,
			);
			name = Products;
			sourceTree = "<group>";
		};
		2B4E97C61BFFA5DD0066D521 /* ForeverMaze */ = {
			isa = PBXGroup;
			children = (
				2FB6EB641C5E6CBF00BE6F02 /* particles */,
				2F22D42B1C4DCE0D00CAA56F /* Extensions */,
				2B4BD69D1C45782D00CA699B /* Data */,
				2FAF46931C0C186A00B1F898 /* Helpers */,
				2BB884EF1C0622C9006E4570 /* UI */,
				2BB6F16E1BFFE423009DF879 /* Scenes */,
				2BB6F12C1BFFC665009DF879 /* Objects */,
				2BB6F1291BFFC633009DF879 /* Singletons */,
				2BB6F12A1BFFC642009DF879 /* Main */,
				2BB6F12B1BFFC656009DF879 /* Resources */,
				2BB6F13D1BFFCC03009DF879 /* Bridging-Header.h */,
			);
			path = ForeverMaze;
			sourceTree = "<group>";
		};
		2B4E97DF1BFFA5DE0066D521 /* ForeverMazeTests */ = {
			isa = PBXGroup;
			children = (
				2FAF46811C0BCC7F00B1F898 /* MapTests.swift */,
				2B4E97E21BFFA5DE0066D521 /* Info.plist */,
				2FAF46911C0BCDC000B1F898 /* ForeverMazeTests-Bridging-Header.h */,
				2B9401921C39D20D001D3799 /* LagTests.swift */,
			);
			path = ForeverMazeTests;
			sourceTree = "<group>";
		};
		2B4E97EA1BFFA5DE0066D521 /* ForeverMazeUITests */ = {
			isa = PBXGroup;
			children = (
				2B4E97EB1BFFA5DE0066D521 /* ForeverMazeUITests.swift */,
				2B4E97ED1BFFA5DE0066D521 /* Info.plist */,
			);
			path = ForeverMazeUITests;
			sourceTree = "<group>";
		};
		2BB6F1291BFFC633009DF879 /* Singletons */ = {
			isa = PBXGroup;
			children = (
				2BB6F14E1BFFD272009DF879 /* Config.swift */,
				2BB6F14A1BFFD243009DF879 /* Account.swift */,
				2B5B05FE1C041273006E0973 /* I18n.swift */,
				2BEDFA7E1C216788001BE36D /* Errors.swift */,
				2BB884ED1C04E40F006E4570 /* Data.swift */,
				2F85BB591C67C67400F89E64 /* Share.swift */,
			);
			name = Singletons;
			path = ..;
			sourceTree = "<group>";
		};
		2BB6F12A1BFFC642009DF879 /* Main */ = {
			isa = PBXGroup;
			children = (
				2B4E97C71BFFA5DD0066D521 /* AppDelegate.swift */,
				2B4E97CD1BFFA5DD0066D521 /* GameViewController.swift */,
				2B4E97CF1BFFA5DD0066D521 /* Main.storyboard */,
				2B4E97D41BFFA5DD0066D521 /* LaunchScreen.storyboard */,
			);
			name = Main;
			sourceTree = "<group>";
		};
		2BB6F12B1BFFC656009DF879 /* Resources */ = {
			isa = PBXGroup;
			children = (
				2FF5339D1C6319C1004A324A /* world.atlasc */,
				2FF533781C631464004A324A /* depression.atlasc */,
				2FF533651C630FD4004A324A /* hero.atlasc */,
				2FE456221C5E601400E90B75 /* images.xcassets */,
				2B4E97D21BFFA5DD0066D521 /* Assets.xcassets */,
				2B4E97D71BFFA5DD0066D521 /* Info.plist */,
				2FE456201C5E531200E90B75 /* Localizable.strings */,
			);
			name = Resources;
			sourceTree = "<group>";
		};
		2BB6F12C1BFFC665009DF879 /* Objects */ = {
			isa = PBXGroup;
			children = (
				2BB6F16F1BFFE499009DF879 /* GameStatic.swift */,
				2BB6F1691BFFE3C3009DF879 /* Tiles */,
				2BB6F15A1BFFDC97009DF879 /* Objects */,
			);
			name = Objects;
			sourceTree = "<group>";
		};
		2BB6F15A1BFFDC97009DF879 /* Objects */ = {
			isa = PBXGroup;
			children = (
				2BB6F1681BFFE3B9009DF879 /* Mobiles */,
				2BB6F15B1BFFDCAA009DF879 /* GameObject.swift */,
			);
			name = Objects;
			sourceTree = "<group>";
		};
		2BB6F1681BFFE3B9009DF879 /* Mobiles */ = {
			isa = PBXGroup;
			children = (
				2BB6F15F1BFFDCB4009DF879 /* Mobile.swift */,
				2BB6F1561BFFDB62009DF879 /* Player.swift */,
				2BB6F1641BFFE371009DF879 /* LocalPlayer.swift */,
				2B732B9F1C4100FB00295D0D /* Depression.swift */,
			);
			name = Mobiles;
			sourceTree = "<group>";
		};
		2BB6F1691BFFE3C3009DF879 /* Tiles */ = {
			isa = PBXGroup;
			children = (
				2BB6F16A1BFFE407009DF879 /* Tile.swift */,
			);
			name = Tiles;
			sourceTree = "<group>";
		};
		2BB6F16E1BFFE423009DF879 /* Scenes */ = {
			isa = PBXGroup;
			children = (
				2B4E97CB1BFFA5DD0066D521 /* GameScene.swift */,
				2B2A76B91C0240A300172E27 /* MenuScene.swift */,
				2BB884F01C0622DC006E4570 /* IsoScene.swift */,
				2FE234761C664AB9001F9553 /* AboutScene.swift */,
				2FE2347A1C664B95001F9553 /* InterfaceScene.swift */,
				2FE234801C667C58001F9553 /* ScoresScene.swift */,
			);
			name = Scenes;
			sourceTree = "<group>";
		};
		2BB884EF1C0622C9006E4570 /* UI */ = {
			isa = PBXGroup;
			children = (
				2B732B811C3E353D00295D0D /* GameUILayer.swift */,
				2FE234821C66843F001F9553 /* DialogLayer.swift */,
				2B732B831C3E373C00295D0D /* SgButton.swift */,
				2B55507D1C4E8F2500742CC7 /* Tracker.swift */,
				2FE456241C5E608A00E90B75 /* MenuButton.swift */,
				2FE234781C664AC7001F9553 /* Dialog.swift */,
				2FE2347C1C6660D4001F9553 /* Container.swift */,
				2FE2347E1C66714B001F9553 /* SKMultilineLabel.swift */,
				2F349AF01C66EDC4000BAF0E /* ScoreNode.swift */,
				2F349AF21C66EEF6000BAF0E /* AvatarNode.swift */,
			);
			name = UI;
			sourceTree = "<group>";
		};
		2F22D42B1C4DCE0D00CAA56F /* Extensions */ = {
			isa = PBXGroup;
			children = (
				2FAF46941C0C188C00B1F898 /* String+Extensions.swift */,
			);
			name = Extensions;
			sourceTree = "<group>";
		};
		2FAF46931C0C186A00B1F898 /* Helpers */ = {
			isa = PBXGroup;
			children = (
				2B4B5D7C1C239E1F00E5C7F9 /* Threading.swift */,
				2B5B05FC1C03FE62006E0973 /* Utils.swift */,
				2F22D4221C4D730200CAA56F /* Animation.swift */,
				2F22D4271C4DCDD300CAA56F /* Coordinate.swift */,
				2F22D4291C4DCDF000CAA56F /* Direction.swift */,
				2BB6F1781BFFEA0C009DF879 /* Map.swift */,
			);
			name = Helpers;
			sourceTree = "<group>";
		};
		2FB6EB641C5E6CBF00BE6F02 /* particles */ = {
			isa = PBXGroup;
			children = (
				2FB6EB651C5E6CBF00BE6F02 /* flip-sadness.sks */,
				2FB6EB661C5E6CBF00BE6F02 /* spark.png */,
				2FB6EB671C5E6CBF00BE6F02 /* unlock-happiness.sks */,
				2FB6EB681C5E6CBF00BE6F02 /* unlock-sadness.sks */,
				2FB6EB6F1C5E6D1E00BE6F02 /* unlock-fear.sks */,
				2FB6EB6D1C5E6CF800BE6F02 /* unlock-anger.sks */,
				2FB6EB711C5E6EAB00BE6F02 /* depression.sks */,
				2FB6EB731C5E876100BE6F02 /* sparkle.sks */,
				2FB6EB771C5E87A700BE6F02 /* snow.sks */,
			);
			path = particles;
			sourceTree = "<group>";
		};
		2FF533651C630FD4004A324A /* hero.atlasc */ = {
			isa = PBXGroup;
			children = (
				2FF533661C630FD4004A324A /* hero.1.png */,
				2FF533671C630FD4004A324A /* hero.1@2x.png */,
				2FF533681C630FD4004A324A /* hero.1@3x.png */,
				2FF533691C630FD4004A324A /* hero.2@2x.png */,
				2FF5336A1C630FD4004A324A /* hero.2@3x.png */,
				2FF5336B1C630FD4004A324A /* hero.3@3x.png */,
				2FF5336C1C630FD4004A324A /* hero.4@3x.png */,
				2FF5336D1C630FD4004A324A /* hero.plist */,
				2FF5336E1C630FD4004A324A /* Icon */,
			);
			name = hero.atlasc;
			path = Resources/hero.atlasc;
			sourceTree = SOURCE_ROOT;
		};
		2FF533781C631464004A324A /* depression.atlasc */ = {
			isa = PBXGroup;
			children = (
				2FF533791C631464004A324A /* depression.1.png */,
				2FF5337A1C631464004A324A /* depression.10@3x.png */,
				2FF5337B1C631464004A324A /* depression.11@3x.png */,
				2FF5337C1C631464004A324A /* depression.1@2x.png */,
				2FF5337D1C631464004A324A /* depression.1@3x.png */,
				2FF5337E1C631464004A324A /* depression.2@2x.png */,
				2FF5337F1C631464004A324A /* depression.2@3x.png */,
				2FF533801C631464004A324A /* depression.3@2x.png */,
				2FF533811C631464004A324A /* depression.3@3x.png */,
				2FF533821C631464004A324A /* depression.4@2x.png */,
				2FF533831C631464004A324A /* depression.4@3x.png */,
				2FF533841C631464004A324A /* depression.5@3x.png */,
				2FF533851C631464004A324A /* depression.6@3x.png */,
				2FF533861C631464004A324A /* depression.7@3x.png */,
				2FF533871C631464004A324A /* depression.8@3x.png */,
				2FF533881C631464004A324A /* depression.9@3x.png */,
				2FF533891C631464004A324A /* depression.plist */,
				2FF5338A1C631464004A324A /* Icon */,
			);
			name = depression.atlasc;
			path = Resources/depression.atlasc;
			sourceTree = SOURCE_ROOT;
		};
		2FF5339D1C6319C1004A324A /* world.atlasc */ = {
			isa = PBXGroup;
			children = (
				2FF5339E1C6319C1004A324A /* Icon */,
				2FF5339F1C6319C1004A324A /* world.1.png */,
				2FF533A01C6319C1004A324A /* world.1@2x.png */,
				2FF533A11C6319C1004A324A /* world.1@3x.png */,
				2FF533A21C6319C1004A324A /* world.plist */,
			);
			name = world.atlasc;
			path = Resources/world.atlasc;
			sourceTree = SOURCE_ROOT;
		};
		8A95AC5B9706D3F985626BDC /* Pods */ = {
			isa = PBXGroup;
			children = (
				D4EAC5AD8C08511DBF255D18 /* Pods-ForeverMaze.debug.xcconfig */,
				F5491D121D41F0B1543CC76C /* Pods-ForeverMaze.release.xcconfig */,
				4EAE2995D26AE7AA31F4B635 /* Pods-ForeverMazeTests.debug.xcconfig */,
				7FB09DD5C9788D9AB38BD0CB /* Pods-ForeverMazeTests.release.xcconfig */,
				27EA223623F55D4B9B66DEB7 /* Pods-ForeverMazeUITests.debug.xcconfig */,
				457A4F550D4EC648C1DC46A7 /* Pods-ForeverMazeUITests.release.xcconfig */,
			);
			name = Pods;
			sourceTree = "<group>";
		};
		8D57B1F3DDF70A8C48D2E983 /* Frameworks */ = {
			isa = PBXGroup;
			children = (
				2B2A76AF1C023B6900172E27 /* FBSDKCoreKit.framework */,
				2B2A76B01C023B6900172E27 /* FBSDKLoginKit.framework */,
				2B2A76B11C023B6900172E27 /* FBSDKShareKit.framework */,
				A642EFC082C73A26F677CC35 /* Pods_ForeverMaze.framework */,
				66306F8B5EABF513C7D79A93 /* Pods_ForeverMazeTests.framework */,
				AA8648F75F588B9ECD57B492 /* Pods_ForeverMazeUITests.framework */,
			);
			name = Frameworks;
			sourceTree = "<group>";
		};
/* End PBXGroup section */

/* Begin PBXNativeTarget section */
		2B4E97C31BFFA5DD0066D521 /* ForeverMaze */ = {
			isa = PBXNativeTarget;
			buildConfigurationList = 2B4E97F01BFFA5DE0066D521 /* Build configuration list for PBXNativeTarget "ForeverMaze" */;
			buildPhases = (
				9B91306B9F1B29FDD929DD6C /* Check Pods Manifest.lock */,
				2B4E97C01BFFA5DD0066D521 /* Sources */,
				2B4E97C11BFFA5DD0066D521 /* Frameworks */,
				2B4E97C21BFFA5DD0066D521 /* Resources */,
				A5A21781C45F3900CC2D9818 /* Embed Pods Frameworks */,
				FAA03F046645CDD2FEC3FE7F /* Copy Pods Resources */,
			);
			buildRules = (
			);
			dependencies = (
			);
			name = ForeverMaze;
			productName = ForeverMaze;
			productReference = 2B4E97C41BFFA5DD0066D521 /* ForeverMaze.app */;
			productType = "com.apple.product-type.application";
		};
		2B4E97DB1BFFA5DE0066D521 /* ForeverMazeTests */ = {
			isa = PBXNativeTarget;
			buildConfigurationList = 2B4E97F31BFFA5DE0066D521 /* Build configuration list for PBXNativeTarget "ForeverMazeTests" */;
			buildPhases = (
				9A0D8B5095CD1FB7772B53D4 /* Check Pods Manifest.lock */,
				2B4E97D81BFFA5DE0066D521 /* Sources */,
				2B4E97D91BFFA5DE0066D521 /* Frameworks */,
				2B4E97DA1BFFA5DE0066D521 /* Resources */,
				570013987E62F17E89B0A858 /* Embed Pods Frameworks */,
				D58876A2DECB3D83B94D04A9 /* Copy Pods Resources */,
			);
			buildRules = (
			);
			dependencies = (
				2B4E97DE1BFFA5DE0066D521 /* PBXTargetDependency */,
			);
			name = ForeverMazeTests;
			productName = ForeverMazeTests;
			productReference = 2B4E97DC1BFFA5DE0066D521 /* ForeverMazeTests.xctest */;
			productType = "com.apple.product-type.bundle.unit-test";
		};
		2B4E97E61BFFA5DE0066D521 /* ForeverMazeUITests */ = {
			isa = PBXNativeTarget;
			buildConfigurationList = 2B4E97F61BFFA5DE0066D521 /* Build configuration list for PBXNativeTarget "ForeverMazeUITests" */;
			buildPhases = (
				7E096B4E63E0ECCAD1221344 /* Check Pods Manifest.lock */,
				2B4E97E31BFFA5DE0066D521 /* Sources */,
				2B4E97E41BFFA5DE0066D521 /* Frameworks */,
				2B4E97E51BFFA5DE0066D521 /* Resources */,
				3A60EC18538E5388E6189161 /* Copy Pods Resources */,
			);
			buildRules = (
			);
			dependencies = (
				2B4E97E91BFFA5DE0066D521 /* PBXTargetDependency */,
			);
			name = ForeverMazeUITests;
			productName = ForeverMazeUITests;
			productReference = 2B4E97E71BFFA5DE0066D521 /* ForeverMazeUITests.xctest */;
			productType = "com.apple.product-type.bundle.ui-testing";
		};
/* End PBXNativeTarget section */

/* Begin PBXProject section */
		2B4E97BC1BFFA5DD0066D521 /* Project object */ = {
			isa = PBXProject;
			attributes = {
				LastSwiftUpdateCheck = 0710;
				LastUpgradeCheck = 0710;
				ORGANIZATIONNAME = "inZania LLC";
				TargetAttributes = {
					2B4E97C31BFFA5DD0066D521 = {
						CreatedOnToolsVersion = 7.1.1;
						DevelopmentTeam = ASS7RHGV5N;
					};
					2B4E97DB1BFFA5DE0066D521 = {
						CreatedOnToolsVersion = 7.1.1;
						TestTargetID = 2B4E97C31BFFA5DD0066D521;
					};
					2B4E97E61BFFA5DE0066D521 = {
						CreatedOnToolsVersion = 7.1.1;
						TestTargetID = 2B4E97C31BFFA5DD0066D521;
					};
				};
			};
			buildConfigurationList = 2B4E97BF1BFFA5DD0066D521 /* Build configuration list for PBXProject "ForeverMaze" */;
			compatibilityVersion = "Xcode 3.2";
			developmentRegion = English;
			hasScannedForEncodings = 0;
			knownRegions = (
				en,
				Base,
			);
			mainGroup = 2B4E97BB1BFFA5DD0066D521;
			productRefGroup = 2B4E97C51BFFA5DD0066D521 /* Products */;
			projectDirPath = "";
			projectRoot = "";
			targets = (
				2B4E97C31BFFA5DD0066D521 /* ForeverMaze */,
				2B4E97DB1BFFA5DE0066D521 /* ForeverMazeTests */,
				2B4E97E61BFFA5DE0066D521 /* ForeverMazeUITests */,
			);
		};
/* End PBXProject section */

/* Begin PBXResourcesBuildPhase section */
		2B4E97C21BFFA5DD0066D521 /* Resources */ = {
			isa = PBXResourcesBuildPhase;
			buildActionMask = 2147483647;
			files = (
				2FF5338E1C631464004A324A /* depression.1@2x.png in Resources */,
				2FF533751C630FD4004A324A /* hero.4@3x.png in Resources */,
				2FF533971C631464004A324A /* depression.6@3x.png in Resources */,
				2FF533A61C6319C1004A324A /* world.1@3x.png in Resources */,
				2FB6EB721C5E6EAB00BE6F02 /* depression.sks in Resources */,
				2FB6EB781C5E87A700BE6F02 /* snow.sks in Resources */,
				2FF533961C631464004A324A /* depression.5@3x.png in Resources */,
				2FE456231C5E601400E90B75 /* images.xcassets in Resources */,
				2FF533941C631464004A324A /* depression.4@2x.png in Resources */,
				2FF533901C631464004A324A /* depression.2@2x.png in Resources */,
				2FF5339A1C631464004A324A /* depression.9@3x.png in Resources */,
				2FF5338C1C631464004A324A /* depression.10@3x.png in Resources */,
				2FB6EB6C1C5E6CBF00BE6F02 /* unlock-sadness.sks in Resources */,
				2FF5338B1C631464004A324A /* depression.1.png in Resources */,
				2FF533A41C6319C1004A324A /* world.1.png in Resources */,
				2FF533711C630FD4004A324A /* hero.1@3x.png in Resources */,
				2FF5339C1C631464004A324A /* Icon in Resources */,
				2FF533A31C6319C1004A324A /* Icon in Resources */,
				2FF533741C630FD4004A324A /* hero.3@3x.png in Resources */,
				2FF533981C631464004A324A /* depression.7@3x.png in Resources */,
				2FB6EB6B1C5E6CBF00BE6F02 /* unlock-happiness.sks in Resources */,
				2FF533911C631464004A324A /* depression.2@3x.png in Resources */,
				2FF533931C631464004A324A /* depression.3@3x.png in Resources */,
				2FF533991C631464004A324A /* depression.8@3x.png in Resources */,
				2FF5338F1C631464004A324A /* depression.1@3x.png in Resources */,
				2FB6EB6E1C5E6CF800BE6F02 /* unlock-anger.sks in Resources */,
				2FF533A71C6319C1004A324A /* world.plist in Resources */,
				2FB6EB691C5E6CBF00BE6F02 /* flip-sadness.sks in Resources */,
				2FF533951C631464004A324A /* depression.4@3x.png in Resources */,
				2B4E97D61BFFA5DD0066D521 /* LaunchScreen.storyboard in Resources */,
				2FF5338D1C631464004A324A /* depression.11@3x.png in Resources */,
				2B4E97D31BFFA5DD0066D521 /* Assets.xcassets in Resources */,
				2FF5336F1C630FD4004A324A /* hero.1.png in Resources */,
				2FF533731C630FD4004A324A /* hero.2@3x.png in Resources */,
				2FF533921C631464004A324A /* depression.3@2x.png in Resources */,
				2FF5339B1C631464004A324A /* depression.plist in Resources */,
				2FF533771C630FD4004A324A /* Icon in Resources */,
				2FB6EB701C5E6D1E00BE6F02 /* unlock-fear.sks in Resources */,
				2FF533701C630FD4004A324A /* hero.1@2x.png in Resources */,
				2FF533761C630FD4004A324A /* hero.plist in Resources */,
				2FF533A51C6319C1004A324A /* world.1@2x.png in Resources */,
				2FE456211C5E531200E90B75 /* Localizable.strings in Resources */,
				2FF533721C630FD4004A324A /* hero.2@2x.png in Resources */,
				2FB6EB6A1C5E6CBF00BE6F02 /* spark.png in Resources */,
				2FB6EB741C5E876100BE6F02 /* sparkle.sks in Resources */,
				2B4E97D11BFFA5DD0066D521 /* Main.storyboard in Resources */,
			);
			runOnlyForDeploymentPostprocessing = 0;
		};
		2B4E97DA1BFFA5DE0066D521 /* Resources */ = {
			isa = PBXResourcesBuildPhase;
			buildActionMask = 2147483647;
			files = (
			);
			runOnlyForDeploymentPostprocessing = 0;
		};
		2B4E97E51BFFA5DE0066D521 /* Resources */ = {
			isa = PBXResourcesBuildPhase;
			buildActionMask = 2147483647;
			files = (
			);
			runOnlyForDeploymentPostprocessing = 0;
		};
/* End PBXResourcesBuildPhase section */

/* Begin PBXShellScriptBuildPhase section */
		3A60EC18538E5388E6189161 /* Copy Pods Resources */ = {
			isa = PBXShellScriptBuildPhase;
			buildActionMask = 2147483647;
			files = (
			);
			inputPaths = (
			);
			name = "Copy Pods Resources";
			outputPaths = (
			);
			runOnlyForDeploymentPostprocessing = 0;
			shellPath = /bin/sh;
			shellScript = "\"${SRCROOT}/Pods/Target Support Files/Pods-ForeverMazeUITests/Pods-ForeverMazeUITests-resources.sh\"\n";
			showEnvVarsInLog = 0;
		};
		570013987E62F17E89B0A858 /* Embed Pods Frameworks */ = {
			isa = PBXShellScriptBuildPhase;
			buildActionMask = 2147483647;
			files = (
			);
			inputPaths = (
			);
			name = "Embed Pods Frameworks";
			outputPaths = (
			);
			runOnlyForDeploymentPostprocessing = 0;
			shellPath = /bin/sh;
			shellScript = "\"${SRCROOT}/Pods/Target Support Files/Pods-ForeverMazeTests/Pods-ForeverMazeTests-frameworks.sh\"\n";
			showEnvVarsInLog = 0;
		};
		7E096B4E63E0ECCAD1221344 /* Check Pods Manifest.lock */ = {
			isa = PBXShellScriptBuildPhase;
			buildActionMask = 2147483647;
			files = (
			);
			inputPaths = (
			);
			name = "Check Pods Manifest.lock";
			outputPaths = (
			);
			runOnlyForDeploymentPostprocessing = 0;
			shellPath = /bin/sh;
			shellScript = "diff \"${PODS_ROOT}/../Podfile.lock\" \"${PODS_ROOT}/Manifest.lock\" > /dev/null\nif [[ $? != 0 ]] ; then\n    cat << EOM\nerror: The sandbox is not in sync with the Podfile.lock. Run 'pod install' or update your CocoaPods installation.\nEOM\n    exit 1\nfi\n";
			showEnvVarsInLog = 0;
		};
		9A0D8B5095CD1FB7772B53D4 /* Check Pods Manifest.lock */ = {
			isa = PBXShellScriptBuildPhase;
			buildActionMask = 2147483647;
			files = (
			);
			inputPaths = (
			);
			name = "Check Pods Manifest.lock";
			outputPaths = (
			);
			runOnlyForDeploymentPostprocessing = 0;
			shellPath = /bin/sh;
			shellScript = "diff \"${PODS_ROOT}/../Podfile.lock\" \"${PODS_ROOT}/Manifest.lock\" > /dev/null\nif [[ $? != 0 ]] ; then\n    cat << EOM\nerror: The sandbox is not in sync with the Podfile.lock. Run 'pod install' or update your CocoaPods installation.\nEOM\n    exit 1\nfi\n";
			showEnvVarsInLog = 0;
		};
		9B91306B9F1B29FDD929DD6C /* Check Pods Manifest.lock */ = {
			isa = PBXShellScriptBuildPhase;
			buildActionMask = 2147483647;
			files = (
			);
			inputPaths = (
			);
			name = "Check Pods Manifest.lock";
			outputPaths = (
			);
			runOnlyForDeploymentPostprocessing = 0;
			shellPath = /bin/sh;
			shellScript = "diff \"${PODS_ROOT}/../Podfile.lock\" \"${PODS_ROOT}/Manifest.lock\" > /dev/null\nif [[ $? != 0 ]] ; then\n    cat << EOM\nerror: The sandbox is not in sync with the Podfile.lock. Run 'pod install' or update your CocoaPods installation.\nEOM\n    exit 1\nfi\n";
			showEnvVarsInLog = 0;
		};
		A5A21781C45F3900CC2D9818 /* Embed Pods Frameworks */ = {
			isa = PBXShellScriptBuildPhase;
			buildActionMask = 2147483647;
			files = (
			);
			inputPaths = (
			);
			name = "Embed Pods Frameworks";
			outputPaths = (
			);
			runOnlyForDeploymentPostprocessing = 0;
			shellPath = /bin/sh;
			shellScript = "\"${SRCROOT}/Pods/Target Support Files/Pods-ForeverMaze/Pods-ForeverMaze-frameworks.sh\"\n";
			showEnvVarsInLog = 0;
		};
		D58876A2DECB3D83B94D04A9 /* Copy Pods Resources */ = {
			isa = PBXShellScriptBuildPhase;
			buildActionMask = 2147483647;
			files = (
			);
			inputPaths = (
			);
			name = "Copy Pods Resources";
			outputPaths = (
			);
			runOnlyForDeploymentPostprocessing = 0;
			shellPath = /bin/sh;
			shellScript = "\"${SRCROOT}/Pods/Target Support Files/Pods-ForeverMazeTests/Pods-ForeverMazeTests-resources.sh\"\n";
			showEnvVarsInLog = 0;
		};
		FAA03F046645CDD2FEC3FE7F /* Copy Pods Resources */ = {
			isa = PBXShellScriptBuildPhase;
			buildActionMask = 2147483647;
			files = (
			);
			inputPaths = (
			);
			name = "Copy Pods Resources";
			outputPaths = (
			);
			runOnlyForDeploymentPostprocessing = 0;
			shellPath = /bin/sh;
			shellScript = "\"${SRCROOT}/Pods/Target Support Files/Pods-ForeverMaze/Pods-ForeverMaze-resources.sh\"\n";
			showEnvVarsInLog = 0;
		};
/* End PBXShellScriptBuildPhase section */

/* Begin PBXSourcesBuildPhase section */
		2B4E97C01BFFA5DD0066D521 /* Sources */ = {
			isa = PBXSourcesBuildPhase;
			buildActionMask = 2147483647;
			files = (
				2FAF46951C0C188C00B1F898 /* String+Extensions.swift in Sources */,
				2B2A76BA1C0240A300172E27 /* MenuScene.swift in Sources */,
				2BB6F1601BFFDCB4009DF879 /* Mobile.swift in Sources */,
				2B732B841C3E373C00295D0D /* SgButton.swift in Sources */,
				2FE234811C667C58001F9553 /* ScoresScene.swift in Sources */,
				2FE2347F1C66714B001F9553 /* SKMultilineLabel.swift in Sources */,
				2B732BA01C4100FB00295D0D /* Depression.swift in Sources */,
				2BB6F1701BFFE499009DF879 /* GameStatic.swift in Sources */,
				2B4BD69F1C45786400CA699B /* Level.swift in Sources */,
				2BB884F11C0622DC006E4570 /* IsoScene.swift in Sources */,
				2BB6F1791BFFEA0C009DF879 /* Map.swift in Sources */,
				2F22D4281C4DCDD300CAA56F /* Coordinate.swift in Sources */,
				2F349AF31C66EEF6000BAF0E /* AvatarNode.swift in Sources */,
				2F349AF11C66EDC4000BAF0E /* ScoreNode.swift in Sources */,
				2BB6F14B1BFFD243009DF879 /* Account.swift in Sources */,
				2B5B05FF1C041273006E0973 /* I18n.swift in Sources */,
				2B5B05FD1C03FE62006E0973 /* Utils.swift in Sources */,
				2BB884EE1C04E40F006E4570 /* Data.swift in Sources */,
				2FE2347B1C664B95001F9553 /* InterfaceScene.swift in Sources */,
				2B4E97CC1BFFA5DD0066D521 /* GameScene.swift in Sources */,
				2BB6F15C1BFFDCAA009DF879 /* GameObject.swift in Sources */,
				2BB6F1651BFFE371009DF879 /* LocalPlayer.swift in Sources */,
				2BEDFA7F1C216788001BE36D /* Errors.swift in Sources */,
				2FE234831C66843F001F9553 /* DialogLayer.swift in Sources */,
				2B4E97CE1BFFA5DD0066D521 /* GameViewController.swift in Sources */,
				2B4E97C81BFFA5DD0066D521 /* AppDelegate.swift in Sources */,
				2B55507E1C4E8F2500742CC7 /* Tracker.swift in Sources */,
				2FE234791C664AC7001F9553 /* Dialog.swift in Sources */,
				2BB6F16B1BFFE407009DF879 /* Tile.swift in Sources */,
				2FE234771C664AB9001F9553 /* AboutScene.swift in Sources */,
				2FE456251C5E608A00E90B75 /* MenuButton.swift in Sources */,
				2B732B821C3E353D00295D0D /* GameUILayer.swift in Sources */,
				2BB6F14F1BFFD272009DF879 /* Config.swift in Sources */,
				2BB6F1571BFFDB62009DF879 /* Player.swift in Sources */,
				2F22D4241C4D74BE00CAA56F /* Animation.swift in Sources */,
				2B4B5D7D1C239E1F00E5C7F9 /* Threading.swift in Sources */,
				2FE2347D1C6660D4001F9553 /* Container.swift in Sources */,
				2F85BB5A1C67C67400F89E64 /* Share.swift in Sources */,
				2F22D42A1C4DCDF000CAA56F /* Direction.swift in Sources */,
			);
			runOnlyForDeploymentPostprocessing = 0;
		};
		2B4E97D81BFFA5DE0066D521 /* Sources */ = {
			isa = PBXSourcesBuildPhase;
			buildActionMask = 2147483647;
			files = (
				2FAF46921C0BCDC000B1F898 /* ForeverMazeTests-Bridging-Header.h in Sources */,
				2BB6F1661BFFE371009DF879 /* LocalPlayer.swift in Sources */,
				2FAF46821C0BCC7F00B1F898 /* MapTests.swift in Sources */,
				2FB6EB7A1C5E9B6800BE6F02 /* Direction.swift in Sources */,
				2B9401961C39D43C001D3799 /* IsoScene.swift in Sources */,
				2FAF46851C0BCD0400B1F898 /* I18n.swift in Sources */,
				2BB6F1711BFFE499009DF879 /* GameStatic.swift in Sources */,
				2BB6F1501BFFD272009DF879 /* Config.swift in Sources */,
				2FB6EB811C5EE65900BE6F02 /* Level.swift in Sources */,
				2FAF46891C0BCD0B00B1F898 /* Utils.swift in Sources */,
				2BB6F16C1BFFE407009DF879 /* Tile.swift in Sources */,
				2BB6F14C1BFFD243009DF879 /* Account.swift in Sources */,
				2BB6F1611BFFDCB4009DF879 /* Mobile.swift in Sources */,
				2FAF46831C0BCD0100B1F898 /* Data.swift in Sources */,
				2BB6F17A1BFFEA0C009DF879 /* Map.swift in Sources */,
				2FB6EB7F1C5E9B7900BE6F02 /* Threading.swift in Sources */,
				2FB6EB7C1C5E9B7000BE6F02 /* Coordinate.swift in Sources */,
				2B9401951C39D42A001D3799 /* GameScene.swift in Sources */,
				2FB6EB791C5E9B5C00BE6F02 /* Animation.swift in Sources */,
				2BB6F1581BFFDB62009DF879 /* Player.swift in Sources */,
				2B9401941C39D425001D3799 /* Errors.swift in Sources */,
				2BB6F15D1BFFDCAA009DF879 /* GameObject.swift in Sources */,
				2B9401931C39D20E001D3799 /* LagTests.swift in Sources */,
			);
			runOnlyForDeploymentPostprocessing = 0;
		};
		2B4E97E31BFFA5DE0066D521 /* Sources */ = {
			isa = PBXSourcesBuildPhase;
			buildActionMask = 2147483647;
			files = (
				2FB6EB801C5E9B7A00BE6F02 /* Threading.swift in Sources */,
				2B4E97EC1BFFA5DE0066D521 /* ForeverMazeUITests.swift in Sources */,
				2BB6F1671BFFE371009DF879 /* LocalPlayer.swift in Sources */,
				2BB6F1721BFFE499009DF879 /* GameStatic.swift in Sources */,
				2BB6F1511BFFD272009DF879 /* Config.swift in Sources */,
				2BB6F16D1BFFE407009DF879 /* Tile.swift in Sources */,
				2FAF468A1C0BCD0B00B1F898 /* Utils.swift in Sources */,
				2BB6F14D1BFFD243009DF879 /* Account.swift in Sources */,
				2FB6EB7B1C5E9B6D00BE6F02 /* Direction.swift in Sources */,
				2FAF46861C0BCD0500B1F898 /* I18n.swift in Sources */,
				2BB6F1621BFFDCB4009DF879 /* Mobile.swift in Sources */,
				2FB6EB7E1C5E9B7400BE6F02 /* Animation.swift in Sources */,
				2FB6EB821C5EE65900BE6F02 /* Level.swift in Sources */,
				2FAF46841C0BCD0100B1F898 /* Data.swift in Sources */,
				2BB6F17B1BFFEA0C009DF879 /* Map.swift in Sources */,
				2BB6F1591BFFDB62009DF879 /* Player.swift in Sources */,
				2BB6F15E1BFFDCAA009DF879 /* GameObject.swift in Sources */,
				2FB6EB7D1C5E9B7000BE6F02 /* Coordinate.swift in Sources */,
			);
			runOnlyForDeploymentPostprocessing = 0;
		};
/* End PBXSourcesBuildPhase section */

/* Begin PBXTargetDependency section */
		2B4E97DE1BFFA5DE0066D521 /* PBXTargetDependency */ = {
			isa = PBXTargetDependency;
			target = 2B4E97C31BFFA5DD0066D521 /* ForeverMaze */;
			targetProxy = 2B4E97DD1BFFA5DE0066D521 /* PBXContainerItemProxy */;
		};
		2B4E97E91BFFA5DE0066D521 /* PBXTargetDependency */ = {
			isa = PBXTargetDependency;
			target = 2B4E97C31BFFA5DD0066D521 /* ForeverMaze */;
			targetProxy = 2B4E97E81BFFA5DE0066D521 /* PBXContainerItemProxy */;
		};
/* End PBXTargetDependency section */

/* Begin PBXVariantGroup section */
		2B4E97CF1BFFA5DD0066D521 /* Main.storyboard */ = {
			isa = PBXVariantGroup;
			children = (
				2B4E97D01BFFA5DD0066D521 /* Base */,
			);
			name = Main.storyboard;
			sourceTree = "<group>";
		};
		2B4E97D41BFFA5DD0066D521 /* LaunchScreen.storyboard */ = {
			isa = PBXVariantGroup;
			children = (
				2B4E97D51BFFA5DD0066D521 /* Base */,
			);
			name = LaunchScreen.storyboard;
			sourceTree = "<group>";
		};
/* End PBXVariantGroup section */

/* Begin XCBuildConfiguration section */
		2B4E97EE1BFFA5DE0066D521 /* Debug */ = {
			isa = XCBuildConfiguration;
			buildSettings = {
				ALWAYS_SEARCH_USER_PATHS = NO;
				CLANG_CXX_LANGUAGE_STANDARD = "gnu++0x";
				CLANG_CXX_LIBRARY = "libc++";
				CLANG_ENABLE_MODULES = YES;
				CLANG_ENABLE_OBJC_ARC = YES;
				CLANG_WARN_BOOL_CONVERSION = YES;
				CLANG_WARN_CONSTANT_CONVERSION = YES;
				CLANG_WARN_DIRECT_OBJC_ISA_USAGE = YES_ERROR;
				CLANG_WARN_EMPTY_BODY = YES;
				CLANG_WARN_ENUM_CONVERSION = YES;
				CLANG_WARN_INT_CONVERSION = YES;
				CLANG_WARN_OBJC_ROOT_CLASS = YES_ERROR;
				CLANG_WARN_UNREACHABLE_CODE = YES;
				CLANG_WARN__DUPLICATE_METHOD_MATCH = YES;
				CODE_SIGN_IDENTITY = "iPhone Developer";
				"CODE_SIGN_IDENTITY[sdk=iphoneos*]" = "iPhone Developer";
				COPY_PHASE_STRIP = NO;
				DEBUG_INFORMATION_FORMAT = "dwarf-with-dsym";
				ENABLE_STRICT_OBJC_MSGSEND = YES;
				ENABLE_TESTABILITY = YES;
				GCC_C_LANGUAGE_STANDARD = gnu99;
				GCC_DYNAMIC_NO_PIC = NO;
				GCC_NO_COMMON_BLOCKS = YES;
				GCC_OPTIMIZATION_LEVEL = 0;
				GCC_PREPROCESSOR_DEFINITIONS = (
					"DEBUG=1",
					"$(inherited)",
				);
				GCC_WARN_64_TO_32_BIT_CONVERSION = YES;
				GCC_WARN_ABOUT_RETURN_TYPE = YES_ERROR;
				GCC_WARN_UNDECLARED_SELECTOR = YES;
				GCC_WARN_UNINITIALIZED_AUTOS = YES_AGGRESSIVE;
				GCC_WARN_UNUSED_FUNCTION = YES;
				GCC_WARN_UNUSED_VARIABLE = YES;
				IPHONEOS_DEPLOYMENT_TARGET = 9.1;
				MTL_ENABLE_DEBUG_INFO = YES;
				ONLY_ACTIVE_ARCH = YES;
				PROVISIONING_PROFILE = "";
				SDKROOT = iphoneos;
				SWIFT_OPTIMIZATION_LEVEL = "-Onone";
				TARGETED_DEVICE_FAMILY = "1,2";
			};
			name = Debug;
		};
		2B4E97EF1BFFA5DE0066D521 /* Release */ = {
			isa = XCBuildConfiguration;
			buildSettings = {
				ALWAYS_SEARCH_USER_PATHS = NO;
				CLANG_CXX_LANGUAGE_STANDARD = "gnu++0x";
				CLANG_CXX_LIBRARY = "libc++";
				CLANG_ENABLE_MODULES = YES;
				CLANG_ENABLE_OBJC_ARC = YES;
				CLANG_WARN_BOOL_CONVERSION = YES;
				CLANG_WARN_CONSTANT_CONVERSION = YES;
				CLANG_WARN_DIRECT_OBJC_ISA_USAGE = YES_ERROR;
				CLANG_WARN_EMPTY_BODY = YES;
				CLANG_WARN_ENUM_CONVERSION = YES;
				CLANG_WARN_INT_CONVERSION = YES;
				CLANG_WARN_OBJC_ROOT_CLASS = YES_ERROR;
				CLANG_WARN_UNREACHABLE_CODE = YES;
				CLANG_WARN__DUPLICATE_METHOD_MATCH = YES;
				CODE_SIGN_IDENTITY = "iPhone Developer";
				"CODE_SIGN_IDENTITY[sdk=iphoneos*]" = "iPhone Developer";
				COPY_PHASE_STRIP = NO;
				DEBUG_INFORMATION_FORMAT = "dwarf-with-dsym";
				ENABLE_NS_ASSERTIONS = NO;
				ENABLE_STRICT_OBJC_MSGSEND = YES;
				GCC_C_LANGUAGE_STANDARD = gnu99;
				GCC_NO_COMMON_BLOCKS = YES;
				GCC_WARN_64_TO_32_BIT_CONVERSION = YES;
				GCC_WARN_ABOUT_RETURN_TYPE = YES_ERROR;
				GCC_WARN_UNDECLARED_SELECTOR = YES;
				GCC_WARN_UNINITIALIZED_AUTOS = YES_AGGRESSIVE;
				GCC_WARN_UNUSED_FUNCTION = YES;
				GCC_WARN_UNUSED_VARIABLE = YES;
				IPHONEOS_DEPLOYMENT_TARGET = 9.1;
				MTL_ENABLE_DEBUG_INFO = NO;
				PROVISIONING_PROFILE = "";
				SDKROOT = iphoneos;
				TARGETED_DEVICE_FAMILY = "1,2";
				VALIDATE_PRODUCT = YES;
			};
			name = Release;
		};
		2B4E97F11BFFA5DE0066D521 /* Debug */ = {
			isa = XCBuildConfiguration;
			baseConfigurationReference = D4EAC5AD8C08511DBF255D18 /* Pods-ForeverMaze.debug.xcconfig */;
			buildSettings = {
				ASSETCATALOG_COMPILER_APPICON_NAME = AppIcon;
				CODE_SIGN_IDENTITY = "iPhone Developer";
				"CODE_SIGN_IDENTITY[sdk=iphoneos*]" = "iPhone Developer";
				FRAMEWORK_SEARCH_PATHS = (
					"$(inherited)",
					"$(PROJECT_DIR)",
					"$(PROJECT_DIR)/Frameworks",
				);
				INFOPLIST_FILE = ForeverMaze/Info.plist;
				IPHONEOS_DEPLOYMENT_TARGET = 8.0;
				LD_RUNPATH_SEARCH_PATHS = "$(inherited) @executable_path/Frameworks";
				PRODUCT_BUNDLE_IDENTIFIER = com.inzania.ForeverMaze;
				PRODUCT_NAME = "$(TARGET_NAME)";
				PROVISIONING_PROFILE = "";
				SWIFT_OBJC_BRIDGING_HEADER = "ForeverMaze/Bridging-Header.h";
			};
			name = Debug;
		};
		2B4E97F21BFFA5DE0066D521 /* Release */ = {
			isa = XCBuildConfiguration;
			baseConfigurationReference = F5491D121D41F0B1543CC76C /* Pods-ForeverMaze.release.xcconfig */;
			buildSettings = {
				ASSETCATALOG_COMPILER_APPICON_NAME = AppIcon;
				CODE_SIGN_IDENTITY = "iPhone Developer";
				"CODE_SIGN_IDENTITY[sdk=iphoneos*]" = "iPhone Developer";
				FRAMEWORK_SEARCH_PATHS = (
					"$(inherited)",
					"$(PROJECT_DIR)",
					"$(PROJECT_DIR)/Frameworks",
				);
				INFOPLIST_FILE = ForeverMaze/Info.plist;
				IPHONEOS_DEPLOYMENT_TARGET = 8.0;
				LD_RUNPATH_SEARCH_PATHS = "$(inherited) @executable_path/Frameworks";
				PRODUCT_BUNDLE_IDENTIFIER = com.inzania.ForeverMaze;
				PRODUCT_NAME = "$(TARGET_NAME)";
				PROVISIONING_PROFILE = "";
				SWIFT_OBJC_BRIDGING_HEADER = "ForeverMaze/Bridging-Header.h";
			};
			name = Release;
		};
		2B4E97F41BFFA5DE0066D521 /* Debug */ = {
			isa = XCBuildConfiguration;
			baseConfigurationReference = 4EAE2995D26AE7AA31F4B635 /* Pods-ForeverMazeTests.debug.xcconfig */;
			buildSettings = {
				BUNDLE_LOADER = "$(TEST_HOST)";
				CLANG_ENABLE_MODULES = YES;
				DEBUG_INFORMATION_FORMAT = dwarf;
				FRAMEWORK_SEARCH_PATHS = (
					"$(inherited)",
					"$(PROJECT_DIR)",
					"$(PROJECT_DIR)/Frameworks",
				);
				INFOPLIST_FILE = ForeverMazeTests/Info.plist;
				LD_RUNPATH_SEARCH_PATHS = "$(inherited) @executable_path/Frameworks @loader_path/Frameworks";
				PRODUCT_BUNDLE_IDENTIFIER = inzania.ForeverMazeTests;
				PRODUCT_NAME = "$(TARGET_NAME)";
				SWIFT_OBJC_BRIDGING_HEADER = "ForeverMazeTests/ForeverMazeTests-Bridging-Header.h";
				SWIFT_OPTIMIZATION_LEVEL = "-Onone";
				TEST_HOST = "$(BUILT_PRODUCTS_DIR)/ForeverMaze.app/ForeverMaze";
			};
			name = Debug;
		};
		2B4E97F51BFFA5DE0066D521 /* Release */ = {
			isa = XCBuildConfiguration;
			baseConfigurationReference = 7FB09DD5C9788D9AB38BD0CB /* Pods-ForeverMazeTests.release.xcconfig */;
			buildSettings = {
				BUNDLE_LOADER = "$(TEST_HOST)";
				CLANG_ENABLE_MODULES = YES;
				FRAMEWORK_SEARCH_PATHS = (
					"$(inherited)",
					"$(PROJECT_DIR)",
					"$(PROJECT_DIR)/Frameworks",
				);
				INFOPLIST_FILE = ForeverMazeTests/Info.plist;
				LD_RUNPATH_SEARCH_PATHS = "$(inherited) @executable_path/Frameworks @loader_path/Frameworks";
				PRODUCT_BUNDLE_IDENTIFIER = inzania.ForeverMazeTests;
				PRODUCT_NAME = "$(TARGET_NAME)";
				SWIFT_OBJC_BRIDGING_HEADER = "ForeverMazeTests/ForeverMazeTests-Bridging-Header.h";
				TEST_HOST = "$(BUILT_PRODUCTS_DIR)/ForeverMaze.app/ForeverMaze";
			};
			name = Release;
		};
		2B4E97F71BFFA5DE0066D521 /* Debug */ = {
			isa = XCBuildConfiguration;
			baseConfigurationReference = 27EA223623F55D4B9B66DEB7 /* Pods-ForeverMazeUITests.debug.xcconfig */;
			buildSettings = {
				DEBUG_INFORMATION_FORMAT = dwarf;
				FRAMEWORK_SEARCH_PATHS = (
					"$(inherited)",
					"$(PROJECT_DIR)",
					"$(PROJECT_DIR)/Frameworks",
				);
				INFOPLIST_FILE = ForeverMazeUITests/Info.plist;
				LD_RUNPATH_SEARCH_PATHS = "$(inherited) @executable_path/Frameworks @loader_path/Frameworks";
				PRODUCT_BUNDLE_IDENTIFIER = inzania.ForeverMazeUITests;
				PRODUCT_NAME = "$(TARGET_NAME)";
				TEST_TARGET_NAME = ForeverMaze;
				USES_XCTRUNNER = YES;
			};
			name = Debug;
		};
		2B4E97F81BFFA5DE0066D521 /* Release */ = {
			isa = XCBuildConfiguration;
			baseConfigurationReference = 457A4F550D4EC648C1DC46A7 /* Pods-ForeverMazeUITests.release.xcconfig */;
			buildSettings = {
				FRAMEWORK_SEARCH_PATHS = (
					"$(inherited)",
					"$(PROJECT_DIR)",
					"$(PROJECT_DIR)/Frameworks",
				);
				INFOPLIST_FILE = ForeverMazeUITests/Info.plist;
				LD_RUNPATH_SEARCH_PATHS = "$(inherited) @executable_path/Frameworks @loader_path/Frameworks";
				PRODUCT_BUNDLE_IDENTIFIER = inzania.ForeverMazeUITests;
				PRODUCT_NAME = "$(TARGET_NAME)";
				TEST_TARGET_NAME = ForeverMaze;
				USES_XCTRUNNER = YES;
			};
			name = Release;
		};
/* End XCBuildConfiguration section */

/* Begin XCConfigurationList section */
		2B4E97BF1BFFA5DD0066D521 /* Build configuration list for PBXProject "ForeverMaze" */ = {
			isa = XCConfigurationList;
			buildConfigurations = (
				2B4E97EE1BFFA5DE0066D521 /* Debug */,
				2B4E97EF1BFFA5DE0066D521 /* Release */,
			);
			defaultConfigurationIsVisible = 0;
			defaultConfigurationName = Release;
		};
		2B4E97F01BFFA5DE0066D521 /* Build configuration list for PBXNativeTarget "ForeverMaze" */ = {
			isa = XCConfigurationList;
			buildConfigurations = (
				2B4E97F11BFFA5DE0066D521 /* Debug */,
				2B4E97F21BFFA5DE0066D521 /* Release */,
			);
			defaultConfigurationIsVisible = 0;
			defaultConfigurationName = Release;
		};
		2B4E97F31BFFA5DE0066D521 /* Build configuration list for PBXNativeTarget "ForeverMazeTests" */ = {
			isa = XCConfigurationList;
			buildConfigurations = (
				2B4E97F41BFFA5DE0066D521 /* Debug */,
				2B4E97F51BFFA5DE0066D521 /* Release */,
			);
			defaultConfigurationIsVisible = 0;
			defaultConfigurationName = Release;
		};
		2B4E97F61BFFA5DE0066D521 /* Build configuration list for PBXNativeTarget "ForeverMazeUITests" */ = {
			isa = XCConfigurationList;
			buildConfigurations = (
				2B4E97F71BFFA5DE0066D521 /* Debug */,
				2B4E97F81BFFA5DE0066D521 /* Release */,
			);
			defaultConfigurationIsVisible = 0;
			defaultConfigurationName = Release;
		};
/* End XCConfigurationList section */
	};
	rootObject = 2B4E97BC1BFFA5DD0066D521 /* Project object */;
}
